// !$*UTF8*$!
{
	archiveVersion = 1;
	classes = {
	};
	objectVersion = 46;
	objects = {

/* Begin PBXBuildFile section */
		0DC43E7F1CA5293D00E0107B /* icon-120.png in Resources */ = {isa = PBXBuildFile; fileRef = 0DC43E7D1CA5293D00E0107B /* icon-120.png */; };
		0DC43E801CA5293D00E0107B /* icon-152.png in Resources */ = {isa = PBXBuildFile; fileRef = 0DC43E7E1CA5293D00E0107B /* icon-152.png */; };
		0DC43E841CA5294F00E0107B /* Default-568h.png in Resources */ = {isa = PBXBuildFile; fileRef = 0DC43E811CA5294E00E0107B /* Default-568h.png */; };
		0DC43E851CA5294F00E0107B /* screen-iphone-landscape.png in Resources */ = {isa = PBXBuildFile; fileRef = 0DC43E821CA5294E00E0107B /* screen-iphone-landscape.png */; };
		0DC43E861CA5294F00E0107B /* screen-iphone-portrait.png in Resources */ = {isa = PBXBuildFile; fileRef = 0DC43E831CA5294F00E0107B /* screen-iphone-portrait.png */; };
		0DEE39BA1CA4A22300472ADA /* Images.xcassets in Resources */ = {isa = PBXBuildFile; fileRef = 0DEE39B91CA4A22300472ADA /* Images.xcassets */; };
		1492CBE152ED4AAEA9E372CB /* APPLocalNotification.m in Sources */ = {isa = PBXBuildFile; fileRef = 94546F3C151F4EC4B5FAA6FA /* APPLocalNotification.m */; };
		1D3623260D0F684500981E51 /* AppDelegate.m in Sources */ = {isa = PBXBuildFile; fileRef = 1D3623250D0F684500981E51 /* AppDelegate.m */; };
		1D60589B0D05DD56006BFB54 /* main.m in Sources */ = {isa = PBXBuildFile; fileRef = 29B97316FDCFA39411CA2CEA /* main.m */; };
		215096FE5A144F6D919347ED /* libGTM_NSData+zlib.a in Frameworks */ = {isa = PBXBuildFile; fileRef = F5C8503A301043CE9509122A /* libGTM_NSData+zlib.a */; };
		22DB76FE43C64893B2A5CD69 /* libGTMSessionFetcher_full.a in Frameworks */ = {isa = PBXBuildFile; fileRef = 649B7F40D84D41F29DE4FF9D /* libGTMSessionFetcher_full.a */; };
		24F46B69A7C94EED9199A04C /* CoreLocation.framework in Frameworks */ = {isa = PBXBuildFile; fileRef = A2CCF8DD495649E291D9B753 /* CoreLocation.framework */; };
		2560167600244D449B20BA6F /* libGTM_AddressBook.a in Frameworks */ = {isa = PBXBuildFile; fileRef = 0C22F19D8210481AA49CA3E0 /* libGTM_AddressBook.a */; };
		288765FD0DF74451002DB57D /* CoreGraphics.framework in Frameworks */ = {isa = PBXBuildFile; fileRef = 288765FC0DF74451002DB57D /* CoreGraphics.framework */; };
		2C68944496E445B7B80C5C7C /* libGTM_NSStringXML.a in Frameworks */ = {isa = PBXBuildFile; fileRef = 6345626CE58A43FB9A126BFA /* libGTM_NSStringXML.a */; };
		301BF552109A68D80062928A /* libCordova.a in Frameworks */ = {isa = PBXBuildFile; fileRef = 301BF535109A57CC0062928A /* libCordova.a */; };
		302D95F114D2391D003F00A1 /* MainViewController.m in Sources */ = {isa = PBXBuildFile; fileRef = 302D95EF14D2391D003F00A1 /* MainViewController.m */; };
		302D95F214D2391D003F00A1 /* MainViewController.xib in Resources */ = {isa = PBXBuildFile; fileRef = 302D95F014D2391D003F00A1 /* MainViewController.xib */; };
		305D5FD1115AB8F900A74A75 /* MobileCoreServices.framework in Frameworks */ = {isa = PBXBuildFile; fileRef = 305D5FD0115AB8F900A74A75 /* MobileCoreServices.framework */; };
		3088BBBD154F3926009F9C59 /* Default-Landscape@2x~ipad.png in Resources */ = {isa = PBXBuildFile; fileRef = 3088BBB7154F3926009F9C59 /* Default-Landscape@2x~ipad.png */; };
		3088BBBE154F3926009F9C59 /* Default-Landscape~ipad.png in Resources */ = {isa = PBXBuildFile; fileRef = 3088BBB8154F3926009F9C59 /* Default-Landscape~ipad.png */; };
		3088BBBF154F3926009F9C59 /* Default-Portrait@2x~ipad.png in Resources */ = {isa = PBXBuildFile; fileRef = 3088BBB9154F3926009F9C59 /* Default-Portrait@2x~ipad.png */; };
		3088BBC0154F3926009F9C59 /* Default-Portrait~ipad.png in Resources */ = {isa = PBXBuildFile; fileRef = 3088BBBA154F3926009F9C59 /* Default-Portrait~ipad.png */; };
		3088BBC1154F3926009F9C59 /* Default@2x~iphone.png in Resources */ = {isa = PBXBuildFile; fileRef = 3088BBBB154F3926009F9C59 /* Default@2x~iphone.png */; };
		3088BBC2154F3926009F9C59 /* Default~iphone.png in Resources */ = {isa = PBXBuildFile; fileRef = 3088BBBC154F3926009F9C59 /* Default~iphone.png */; };
		308D05371370CCF300D202BF /* icon-72.png in Resources */ = {isa = PBXBuildFile; fileRef = 308D052E1370CCF300D202BF /* icon-72.png */; };
		308D05381370CCF300D202BF /* icon.png in Resources */ = {isa = PBXBuildFile; fileRef = 308D052F1370CCF300D202BF /* icon.png */; };
		308D05391370CCF300D202BF /* icon@2x.png in Resources */ = {isa = PBXBuildFile; fileRef = 308D05301370CCF300D202BF /* icon@2x.png */; };
		30B4F30019D5E07200D9F7D8 /* Default-667h.png in Resources */ = {isa = PBXBuildFile; fileRef = 30B4F2FD19D5E07200D9F7D8 /* Default-667h.png */; };
		30B4F30119D5E07200D9F7D8 /* Default-736h.png in Resources */ = {isa = PBXBuildFile; fileRef = 30B4F2FE19D5E07200D9F7D8 /* Default-736h.png */; };
		30B4F30219D5E07200D9F7D8 /* Default-Landscape-736h.png in Resources */ = {isa = PBXBuildFile; fileRef = 30B4F2FF19D5E07200D9F7D8 /* Default-Landscape-736h.png */; };
		30C1856619D5FC0A00212699 /* icon-60@3x.png in Resources */ = {isa = PBXBuildFile; fileRef = 30C1856519D5FC0A00212699 /* icon-60@3x.png */; };
		30FC414916E50CA1004E6F35 /* icon-72@2x.png in Resources */ = {isa = PBXBuildFile; fileRef = 30FC414816E50CA1004E6F35 /* icon-72@2x.png */; };
		318D77CC14C1487B8A7CB573 /* CDVDevice.m in Sources */ = {isa = PBXBuildFile; fileRef = E518424CF4A943F897859434 /* CDVDevice.m */; };
		31C6F0E79668407CA1BB44C7 /* AddressBook.framework in Frameworks */ = {isa = PBXBuildFile; fileRef = 09AAF76190064D80A217C89F /* AddressBook.framework */; };
		36A4D11FAE814622BC45C9A1 /* CoreTelephony.framework in Frameworks */ = {isa = PBXBuildFile; fileRef = A173362683F2452B873E60E1 /* CoreTelephony.framework */; };
		38107D4CF5EF4115B3A47EAF /* libGGLInstanceIDLib.a in Frameworks */ = {isa = PBXBuildFile; fileRef = 7D687190BD474051A50CBDC7 /* libGGLInstanceIDLib.a */; };
		38CE6D1D5F52465BA702AA9D /* PushPlugin.m in Sources */ = {isa = PBXBuildFile; fileRef = 094793924C404357937EEAEE /* PushPlugin.m */; };
		3AC61A70200644578FC5A5B8 /* libGTMStackTrace.a in Frameworks */ = {isa = PBXBuildFile; fileRef = 071C4A322D064A418E61CDEC /* libGTMStackTrace.a */; };
		3D1D98CC53FC488AB4000B03 /* UIImage+CropScaleOrientation.m in Sources */ = {isa = PBXBuildFile; fileRef = 3B111041F4E44672A1C8D1A8 /* UIImage+CropScaleOrientation.m */; };
		3F6FC3D8C5084447B16B2CCD /* libGTM_DebugUtils.a in Frameworks */ = {isa = PBXBuildFile; fileRef = 2DB466F9BD5C48DFBA9EEE53 /* libGTM_DebugUtils.a */; };
		4050C15A65894686B9E306AF /* libGGLCore.a in Frameworks */ = {isa = PBXBuildFile; fileRef = 99EA8A2C2A3242F7A3CAD7F0 /* libGGLCore.a */; };
		486934F3FD16490C836D4B60 /* libGTM_KVO.a in Frameworks */ = {isa = PBXBuildFile; fileRef = E63E5BB6DB1E4FEF976BB6D7 /* libGTM_KVO.a */; };
		4A6468F333B644619A90B9A5 /* CDVCamera.m in Sources */ = {isa = PBXBuildFile; fileRef = 4263A09D9FF249FD8F8B591F /* CDVCamera.m */; };
		4A965C935E4F423DA36D7DE8 /* libGTMSessionFetcher_core.a in Frameworks */ = {isa = PBXBuildFile; fileRef = 403CF3CC3D8048878987AA99 /* libGTMSessionFetcher_core.a */; };
		555AE4BA40204A31A04FB726 /* CDVPlugin+APPAppEvent.m in Sources */ = {isa = PBXBuildFile; fileRef = 2B34EB7AA5994E2890F90541 /* CDVPlugin+APPAppEvent.m */; };
		568F620F22B0467384132CCD /* CDVReachability.m in Sources */ = {isa = PBXBuildFile; fileRef = 7060ADA950F8430B9778F59C /* CDVReachability.m */; };
		5A8F9D4AE3584E69BEDB8395 /* DatePicker.xib in Resources */ = {isa = PBXBuildFile; fileRef = BD7A299A08A442FEB5959F51 /* DatePicker.xib */; };
		5B1594DD16A7569C00FEF299 /* AssetsLibrary.framework in Frameworks */ = {isa = PBXBuildFile; fileRef = 5B1594DC16A7569C00FEF299 /* AssetsLibrary.framework */; };
		5E419BD2295D436BB1A90D33 /* libGcmLib.a in Frameworks */ = {isa = PBXBuildFile; fileRef = 3A85B3E6BE6444BE9BDB3CC1 /* libGcmLib.a */; };
		5EE1CE3D148E4BEAA976D4C5 /* libGSDK_Overload.a in Frameworks */ = {isa = PBXBuildFile; fileRef = 109672B4C5A0460AB08BEAD4 /* libGSDK_Overload.a */; };
		780CC0CF32014625A646B904 /* DatePicker.m in Sources */ = {isa = PBXBuildFile; fileRef = 5BC629003D6D4E8BB20B4C0E /* DatePicker.m */; };
		7A3B6A2A78AB45908830E64F /* MessageUI.framework in Frameworks */ = {isa = PBXBuildFile; fileRef = 6D80A378397E48D79405523F /* MessageUI.framework */; settings = {ATTRIBUTES = (Weak, ); }; };
		7ACA7EDA966645BD98ACFD98 /* libGTM_iPhone.a in Frameworks */ = {isa = PBXBuildFile; fileRef = 07B8D717F12445BEADC8AE6A /* libGTM_iPhone.a */; };
		7E7966DE1810823500FA85AD /* icon-40.png in Resources */ = {isa = PBXBuildFile; fileRef = 7E7966D41810823500FA85AD /* icon-40.png */; };
		7E7966DF1810823500FA85AD /* icon-40@2x.png in Resources */ = {isa = PBXBuildFile; fileRef = 7E7966D51810823500FA85AD /* icon-40@2x.png */; };
		7E7966E01810823500FA85AD /* icon-50.png in Resources */ = {isa = PBXBuildFile; fileRef = 7E7966D61810823500FA85AD /* icon-50.png */; };
		7E7966E11810823500FA85AD /* icon-50@2x.png in Resources */ = {isa = PBXBuildFile; fileRef = 7E7966D71810823500FA85AD /* icon-50@2x.png */; };
		7E7966E21810823500FA85AD /* icon-60.png in Resources */ = {isa = PBXBuildFile; fileRef = 7E7966D81810823500FA85AD /* icon-60.png */; };
		7E7966E31810823500FA85AD /* icon-60@2x.png in Resources */ = {isa = PBXBuildFile; fileRef = 7E7966D91810823500FA85AD /* icon-60@2x.png */; };
		7E7966E41810823500FA85AD /* icon-76.png in Resources */ = {isa = PBXBuildFile; fileRef = 7E7966DA1810823500FA85AD /* icon-76.png */; };
		7E7966E51810823500FA85AD /* icon-76@2x.png in Resources */ = {isa = PBXBuildFile; fileRef = 7E7966DB1810823500FA85AD /* icon-76@2x.png */; };
		7E7966E61810823500FA85AD /* icon-small.png in Resources */ = {isa = PBXBuildFile; fileRef = 7E7966DC1810823500FA85AD /* icon-small.png */; };
		7E7966E71810823500FA85AD /* icon-small@2x.png in Resources */ = {isa = PBXBuildFile; fileRef = 7E7966DD1810823500FA85AD /* icon-small@2x.png */; };
		85432DD9C87C4BD4BC5A6610 /* ImageIO.framework in Frameworks */ = {isa = PBXBuildFile; fileRef = 9CC984AF96DB4C0484B97A86 /* ImageIO.framework */; settings = {ATTRIBUTES = (Weak, ); }; };
		88DECD440CCD42E4A66E1324 /* libGTM_NSDictionary+URLArguments.a in Frameworks */ = {isa = PBXBuildFile; fileRef = 8BC44341535349649FF28F64 /* libGTM_NSDictionary+URLArguments.a */; };
		896B320060BA4AF1A9C36DA6 /* libGTM_NSScannerJSON.a in Frameworks */ = {isa = PBXBuildFile; fileRef = 5B25D6C2825941828C9AFCC1 /* libGTM_NSScannerJSON.a */; };
		8B1CAD3B236545919BD22EF9 /* libGIP_Reachability.a in Frameworks */ = {isa = PBXBuildFile; fileRef = 88F2D2806D4541929311DFBA /* libGIP_Reachability.a */; };
		92FEC792F212406BB9DA0CE5 /* APPEmailComposer.m in Sources */ = {isa = PBXBuildFile; fileRef = 524B567DC348449EA242441F /* APPEmailComposer.m */; };
		94A0F112ED76447DBDD774B4 /* libGTM_NSStringHTML.a in Frameworks */ = {isa = PBXBuildFile; fileRef = 3D5D44AC12F747B3A1B13DE6 /* libGTM_NSStringHTML.a */; };
		97B509DADD7C40368AAEDFA5 /* libGGLCloudMessaging.a in Frameworks */ = {isa = PBXBuildFile; fileRef = 163EC988D6B74C56AE53B084 /* libGGLCloudMessaging.a */; };
		9F1038F7A0894674A0CD0DA5 /* libGTM_core.a in Frameworks */ = {isa = PBXBuildFile; fileRef = 1BEA8972643546A8A399E854 /* libGTM_core.a */; };
		A4B7DE6A95994A3398208281 /* libProtocolBuffers.a in Frameworks */ = {isa = PBXBuildFile; fileRef = 00587F9445034BA599560739 /* libProtocolBuffers.a */; };
		B7CE60BB40C54C8F979A0912 /* libGTM_UIFont+LineHeight.a in Frameworks */ = {isa = PBXBuildFile; fileRef = B98708F1D62B4FE889A40059 /* libGTM_UIFont+LineHeight.a */; };
		BB89550207E4467A96084919 /* libGTM_GTMURLBuilder.a in Frameworks */ = {isa = PBXBuildFile; fileRef = 76626D35138A48F38ACE8CC3 /* libGTM_GTMURLBuilder.a */; };
		C0A64F1161DB4AADA90FB234 /* AppDelegate+notification.m in Sources */ = {isa = PBXBuildFile; fileRef = BB64130E67D449889B7789A5 /* AppDelegate+notification.m */; };
		D04232EAA7B4476FAC821CBA /* libGTM_RoundedRectPath.a in Frameworks */ = {isa = PBXBuildFile; fileRef = 8F997E143EB24470A5681663 /* libGTM_RoundedRectPath.a */; };
		D3949BF7640540529290CD0E /* SystemConfiguration.framework in Frameworks */ = {isa = PBXBuildFile; fileRef = 80C9AAD73359430488299CC6 /* SystemConfiguration.framework */; settings = {ATTRIBUTES = (Weak, ); }; };
		D478BB060BF84D16B24A82BE /* CDVConnection.m in Sources */ = {isa = PBXBuildFile; fileRef = 7AA1D221424E45698BB41C5B /* CDVConnection.m */; };
		D4A0D8761607E02300AEF8BB /* Default-568h@2x~iphone.png in Resources */ = {isa = PBXBuildFile; fileRef = D4A0D8751607E02300AEF8BB /* Default-568h@2x~iphone.png */; };
		D5124F6979204C6193CD1094 /* AppDelegate+APPAppEvent.m in Sources */ = {isa = PBXBuildFile; fileRef = 8C08F829EE2C4FDEB52D218E /* AppDelegate+APPAppEvent.m */; };
		D6281497B4F44621823ACB5D /* CDVJpegHeaderWriter.m in Sources */ = {isa = PBXBuildFile; fileRef = A8998F69420F4125ACB1F7C6 /* CDVJpegHeaderWriter.m */; };
		ECFDE37FDBF64FCE96B0B9D5 /* libsqlite3.tbd in Frameworks */ = {isa = PBXBuildFile; fileRef = 5F6C6D18C55249F5AE95F069 /* libsqlite3.tbd */; };
		ED46825FBDA146ABB2EF1DD1 /* libGTM_Regex.a in Frameworks */ = {isa = PBXBuildFile; fileRef = 39B5FA6146414EFAAA68BD6C /* libGTM_Regex.a */; };
		EE12C3DFA71D4B4D92A0E642 /* libGTM_StringEncoding.a in Frameworks */ = {isa = PBXBuildFile; fileRef = 5F56CEFAFD9F4F25BF9DE3E7 /* libGTM_StringEncoding.a */; };
		F045AAC822E94003AF2D5B28 /* UIApplication+APPLocalNotification.m in Sources */ = {isa = PBXBuildFile; fileRef = 0E2081BA623A4520AB567A71 /* UIApplication+APPLocalNotification.m */; };
		F70494631F5C4D8A9B0A38EF /* APPLocalNotificationOptions.m in Sources */ = {isa = PBXBuildFile; fileRef = BD6309F7586E40CBAD774AB1 /* APPLocalNotificationOptions.m */; };
		FADEA36C87874AD6A306AF32 /* UILocalNotification+APPLocalNotification.m in Sources */ = {isa = PBXBuildFile; fileRef = B38EEC306D1C41D1A1A1B0B3 /* UILocalNotification+APPLocalNotification.m */; };
		FEEBA1EAFBC24C5AA263E535 /* libz.tbd in Frameworks */ = {isa = PBXBuildFile; fileRef = 149ABE212709405BB65AAFED /* libz.tbd */; };
		FFCBEE24A8E04554B7924951 /* libGTM_SystemVersion.a in Frameworks */ = {isa = PBXBuildFile; fileRef = 1948B8E609D3403CAB3FD231 /* libGTM_SystemVersion.a */; };
/* End PBXBuildFile section */

/* Begin PBXContainerItemProxy section */
		301BF534109A57CC0062928A /* PBXContainerItemProxy */ = {
			isa = PBXContainerItemProxy;
			containerPortal = 301BF52D109A57CC0062928A /* CordovaLib.xcodeproj */;
			proxyType = 2;
			remoteGlobalIDString = D2AAC07E0554694100DB518D;
			remoteInfo = CordovaLib;
		};
		301BF550109A68C00062928A /* PBXContainerItemProxy */ = {
			isa = PBXContainerItemProxy;
			containerPortal = 301BF52D109A57CC0062928A /* CordovaLib.xcodeproj */;
			proxyType = 1;
			remoteGlobalIDString = D2AAC07D0554694100DB518D;
			remoteInfo = CordovaLib;
		};
/* End PBXContainerItemProxy section */

/* Begin PBXFileReference section */
		00587F9445034BA599560739 /* libProtocolBuffers.a */ = {isa = PBXFileReference; fileEncoding = 4; lastKnownFileType = archive.ar; name = libProtocolBuffers.a; path = "Sharood/Plugins/phonegap-plugin-push/GCM/Libraries/libProtocolBuffers.a"; sourceTree = "<group>"; };
		071C4A322D064A418E61CDEC /* libGTMStackTrace.a */ = {isa = PBXFileReference; fileEncoding = 4; lastKnownFileType = archive.ar; name = libGTMStackTrace.a; path = "Sharood/Plugins/phonegap-plugin-push/GCM/Libraries/libGTMStackTrace.a"; sourceTree = "<group>"; };
		07B8D717F12445BEADC8AE6A /* libGTM_iPhone.a */ = {isa = PBXFileReference; fileEncoding = 4; lastKnownFileType = archive.ar; name = libGTM_iPhone.a; path = "Sharood/Plugins/phonegap-plugin-push/GCM/Libraries/libGTM_iPhone.a"; sourceTree = "<group>"; };
		094793924C404357937EEAEE /* PushPlugin.m */ = {isa = PBXFileReference; fileEncoding = 4; lastKnownFileType = sourcecode.c.objc; name = PushPlugin.m; path = "phonegap-plugin-push/PushPlugin.m"; sourceTree = "<group>"; };
		09726DD6E99E495AAB894BA8 /* UIImage+CropScaleOrientation.h */ = {isa = PBXFileReference; fileEncoding = 4; lastKnownFileType = sourcecode.c.h; name = "UIImage+CropScaleOrientation.h"; path = "org.apache.cordova.camera/UIImage+CropScaleOrientation.h"; sourceTree = "<group>"; };
		09AAF76190064D80A217C89F /* AddressBook.framework */ = {isa = PBXFileReference; fileEncoding = 4; lastKnownFileType = wrapper.framework; name = AddressBook.framework; path = System/Library/Frameworks/AddressBook.framework; sourceTree = SDKROOT; };
		0C22F19D8210481AA49CA3E0 /* libGTM_AddressBook.a */ = {isa = PBXFileReference; fileEncoding = 4; lastKnownFileType = archive.ar; name = libGTM_AddressBook.a; path = "Sharood/Plugins/phonegap-plugin-push/GCM/Libraries/libGTM_AddressBook.a"; sourceTree = "<group>"; };
		0DC43E7D1CA5293D00E0107B /* icon-120.png */ = {isa = PBXFileReference; lastKnownFileType = image.png; path = "icon-120.png"; sourceTree = "<group>"; };
		0DC43E7E1CA5293D00E0107B /* icon-152.png */ = {isa = PBXFileReference; lastKnownFileType = image.png; path = "icon-152.png"; sourceTree = "<group>"; };
		0DC43E811CA5294E00E0107B /* Default-568h.png */ = {isa = PBXFileReference; lastKnownFileType = image.png; path = "Default-568h.png"; sourceTree = "<group>"; };
		0DC43E821CA5294E00E0107B /* screen-iphone-landscape.png */ = {isa = PBXFileReference; lastKnownFileType = image.png; path = "screen-iphone-landscape.png"; sourceTree = "<group>"; };
		0DC43E831CA5294F00E0107B /* screen-iphone-portrait.png */ = {isa = PBXFileReference; lastKnownFileType = image.png; path = "screen-iphone-portrait.png"; sourceTree = "<group>"; };
		0DEE39B91CA4A22300472ADA /* Images.xcassets */ = {isa = PBXFileReference; lastKnownFileType = folder.assetcatalog; name = Images.xcassets; path = Sharood/Images.xcassets; sourceTree = SOURCE_ROOT; };
		0E2081BA623A4520AB567A71 /* UIApplication+APPLocalNotification.m */ = {isa = PBXFileReference; fileEncoding = 4; lastKnownFileType = sourcecode.c.objc; name = "UIApplication+APPLocalNotification.m"; path = "de.appplant.cordova.plugin.local-notification/UIApplication+APPLocalNotification.m"; sourceTree = "<group>"; };
		109672B4C5A0460AB08BEAD4 /* libGSDK_Overload.a */ = {isa = PBXFileReference; fileEncoding = 4; lastKnownFileType = archive.ar; name = libGSDK_Overload.a; path = "Sharood/Plugins/phonegap-plugin-push/GCM/Libraries/libGSDK_Overload.a"; sourceTree = "<group>"; };
		139441E0BA844E05B14AB6EC /* APPEmailComposer.h */ = {isa = PBXFileReference; fileEncoding = 4; lastKnownFileType = sourcecode.c.h; name = APPEmailComposer.h; path = "de.appplant.cordova.plugin.email-composer/APPEmailComposer.h"; sourceTree = "<group>"; };
		149ABE212709405BB65AAFED /* libz.tbd */ = {isa = PBXFileReference; fileEncoding = 4; lastKnownFileType = unknown; path = libz.tbd; sourceTree = "<group>"; };
		163EC988D6B74C56AE53B084 /* libGGLCloudMessaging.a */ = {isa = PBXFileReference; fileEncoding = 4; lastKnownFileType = archive.ar; name = libGGLCloudMessaging.a; path = "Sharood/Plugins/phonegap-plugin-push/GCM/Libraries/libGGLCloudMessaging.a"; sourceTree = "<group>"; };
		1948B8E609D3403CAB3FD231 /* libGTM_SystemVersion.a */ = {isa = PBXFileReference; fileEncoding = 4; lastKnownFileType = archive.ar; name = libGTM_SystemVersion.a; path = "Sharood/Plugins/phonegap-plugin-push/GCM/Libraries/libGTM_SystemVersion.a"; sourceTree = "<group>"; };
		1BEA8972643546A8A399E854 /* libGTM_core.a */ = {isa = PBXFileReference; fileEncoding = 4; lastKnownFileType = archive.ar; name = libGTM_core.a; path = "Sharood/Plugins/phonegap-plugin-push/GCM/Libraries/libGTM_core.a"; sourceTree = "<group>"; };
		1D3623240D0F684500981E51 /* AppDelegate.h */ = {isa = PBXFileReference; fileEncoding = 4; lastKnownFileType = sourcecode.c.h; path = AppDelegate.h; sourceTree = "<group>"; };
		1D3623250D0F684500981E51 /* AppDelegate.m */ = {isa = PBXFileReference; fileEncoding = 4; lastKnownFileType = sourcecode.c.objc; path = AppDelegate.m; sourceTree = "<group>"; };
		1D6058910D05DD3D006BFB54 /* Sharood.app */ = {isa = PBXFileReference; explicitFileType = wrapper.application; includeInIndex = 0; path = Sharood.app; sourceTree = BUILT_PRODUCTS_DIR; };
		242CD628A7DF431BB5BEE4CD /* GCMReceiverDelegate.h */ = {isa = PBXFileReference; fileEncoding = 4; lastKnownFileType = sourcecode.c.h; name = GCMReceiverDelegate.h; path = "phonegap-plugin-push/GCM/Headers/GCMReceiverDelegate.h"; sourceTree = "<group>"; };
		2606E8820BFD46F39A6B0C15 /* DatePicker.h */ = {isa = PBXFileReference; fileEncoding = 4; lastKnownFileType = sourcecode.c.h; name = DatePicker.h; path = "cordova-plugin-datepicker/DatePicker.h"; sourceTree = "<group>"; };
		288765FC0DF74451002DB57D /* CoreGraphics.framework */ = {isa = PBXFileReference; lastKnownFileType = wrapper.framework; name = CoreGraphics.framework; path = System/Library/Frameworks/CoreGraphics.framework; sourceTree = SDKROOT; };
		29B97316FDCFA39411CA2CEA /* main.m */ = {isa = PBXFileReference; fileEncoding = 4; lastKnownFileType = sourcecode.c.objc; path = main.m; sourceTree = "<group>"; };
		2A382EF54A0C4CA7B42ADEDE /* GGLInstanceIDHeaders.h */ = {isa = PBXFileReference; fileEncoding = 4; lastKnownFileType = sourcecode.c.h; name = GGLInstanceIDHeaders.h; path = "phonegap-plugin-push/GCM/Headers/GGLInstanceIDHeaders.h"; sourceTree = "<group>"; };
		2B34EB7AA5994E2890F90541 /* CDVPlugin+APPAppEvent.m */ = {isa = PBXFileReference; fileEncoding = 4; lastKnownFileType = sourcecode.c.objc; name = "CDVPlugin+APPAppEvent.m"; path = "cordova-plugin-app-event/CDVPlugin+APPAppEvent.m"; sourceTree = "<group>"; };
		2DB466F9BD5C48DFBA9EEE53 /* libGTM_DebugUtils.a */ = {isa = PBXFileReference; fileEncoding = 4; lastKnownFileType = archive.ar; name = libGTM_DebugUtils.a; path = "Sharood/Plugins/phonegap-plugin-push/GCM/Libraries/libGTM_DebugUtils.a"; sourceTree = "<group>"; };
		2E7579F0D2D14096BA9D91B2 /* APPAppEventDelegate.h */ = {isa = PBXFileReference; fileEncoding = 4; lastKnownFileType = sourcecode.c.h; name = APPAppEventDelegate.h; path = "cordova-plugin-app-event/APPAppEventDelegate.h"; sourceTree = "<group>"; };
		301BF52D109A57CC0062928A /* CordovaLib.xcodeproj */ = {isa = PBXFileReference; lastKnownFileType = "wrapper.pb-project"; name = CordovaLib.xcodeproj; path = CordovaLib/CordovaLib.xcodeproj; sourceTree = "<group>"; };
		301BF56E109A69640062928A /* www */ = {isa = PBXFileReference; lastKnownFileType = folder; path = www; sourceTree = SOURCE_ROOT; };
		302D95EE14D2391D003F00A1 /* MainViewController.h */ = {isa = PBXFileReference; fileEncoding = 4; lastKnownFileType = sourcecode.c.h; path = MainViewController.h; sourceTree = "<group>"; };
		302D95EF14D2391D003F00A1 /* MainViewController.m */ = {isa = PBXFileReference; fileEncoding = 4; lastKnownFileType = sourcecode.c.objc; path = MainViewController.m; sourceTree = "<group>"; };
		302D95F014D2391D003F00A1 /* MainViewController.xib */ = {isa = PBXFileReference; fileEncoding = 4; lastKnownFileType = file.xib; path = MainViewController.xib; sourceTree = "<group>"; };
		305D5FD0115AB8F900A74A75 /* MobileCoreServices.framework */ = {isa = PBXFileReference; lastKnownFileType = wrapper.framework; name = MobileCoreServices.framework; path = System/Library/Frameworks/MobileCoreServices.framework; sourceTree = SDKROOT; };
		3088BBB7154F3926009F9C59 /* Default-Landscape@2x~ipad.png */ = {isa = PBXFileReference; lastKnownFileType = image.png; path = "Default-Landscape@2x~ipad.png"; sourceTree = "<group>"; };
		3088BBB8154F3926009F9C59 /* Default-Landscape~ipad.png */ = {isa = PBXFileReference; lastKnownFileType = image.png; path = "Default-Landscape~ipad.png"; sourceTree = "<group>"; };
		3088BBB9154F3926009F9C59 /* Default-Portrait@2x~ipad.png */ = {isa = PBXFileReference; lastKnownFileType = image.png; path = "Default-Portrait@2x~ipad.png"; sourceTree = "<group>"; };
		3088BBBA154F3926009F9C59 /* Default-Portrait~ipad.png */ = {isa = PBXFileReference; lastKnownFileType = image.png; path = "Default-Portrait~ipad.png"; sourceTree = "<group>"; };
		3088BBBB154F3926009F9C59 /* Default@2x~iphone.png */ = {isa = PBXFileReference; lastKnownFileType = image.png; path = "Default@2x~iphone.png"; sourceTree = "<group>"; };
		3088BBBC154F3926009F9C59 /* Default~iphone.png */ = {isa = PBXFileReference; lastKnownFileType = image.png; path = "Default~iphone.png"; sourceTree = "<group>"; };
		308D052E1370CCF300D202BF /* icon-72.png */ = {isa = PBXFileReference; lastKnownFileType = image.png; path = "icon-72.png"; sourceTree = "<group>"; };
		308D052F1370CCF300D202BF /* icon.png */ = {isa = PBXFileReference; lastKnownFileType = image.png; path = icon.png; sourceTree = "<group>"; };
		308D05301370CCF300D202BF /* icon@2x.png */ = {isa = PBXFileReference; lastKnownFileType = image.png; path = "icon@2x.png"; sourceTree = "<group>"; };
		30B4F2FD19D5E07200D9F7D8 /* Default-667h.png */ = {isa = PBXFileReference; lastKnownFileType = image.png; path = "Default-667h.png"; sourceTree = "<group>"; };
		30B4F2FE19D5E07200D9F7D8 /* Default-736h.png */ = {isa = PBXFileReference; lastKnownFileType = image.png; path = "Default-736h.png"; sourceTree = "<group>"; };
		30B4F2FF19D5E07200D9F7D8 /* Default-Landscape-736h.png */ = {isa = PBXFileReference; lastKnownFileType = image.png; path = "Default-Landscape-736h.png"; sourceTree = "<group>"; };
		30C1856519D5FC0A00212699 /* icon-60@3x.png */ = {isa = PBXFileReference; lastKnownFileType = image.png; path = "icon-60@3x.png"; sourceTree = "<group>"; };
		30FC414816E50CA1004E6F35 /* icon-72@2x.png */ = {isa = PBXFileReference; lastKnownFileType = image.png; path = "icon-72@2x.png"; sourceTree = "<group>"; };
		32CA4F630368D1EE00C91783 /* Sharood-Prefix.pch */ = {isa = PBXFileReference; fileEncoding = 4; lastKnownFileType = sourcecode.c.h; path = "Sharood-Prefix.pch"; sourceTree = "<group>"; };
		3899C5B5D95C44BEB9BC0B95 /* GGLInstanceIDDelegate.h */ = {isa = PBXFileReference; fileEncoding = 4; lastKnownFileType = sourcecode.c.h; name = GGLInstanceIDDelegate.h; path = "phonegap-plugin-push/GCM/Headers/GGLInstanceIDDelegate.h"; sourceTree = "<group>"; };
		39B5FA6146414EFAAA68BD6C /* libGTM_Regex.a */ = {isa = PBXFileReference; fileEncoding = 4; lastKnownFileType = archive.ar; name = libGTM_Regex.a; path = "Sharood/Plugins/phonegap-plugin-push/GCM/Libraries/libGTM_Regex.a"; sourceTree = "<group>"; };
		3A85B3E6BE6444BE9BDB3CC1 /* libGcmLib.a */ = {isa = PBXFileReference; fileEncoding = 4; lastKnownFileType = archive.ar; name = libGcmLib.a; path = "Sharood/Plugins/phonegap-plugin-push/GCM/Libraries/libGcmLib.a"; sourceTree = "<group>"; };
		3B111041F4E44672A1C8D1A8 /* UIImage+CropScaleOrientation.m */ = {isa = PBXFileReference; fileEncoding = 4; lastKnownFileType = sourcecode.c.objc; name = "UIImage+CropScaleOrientation.m"; path = "org.apache.cordova.camera/UIImage+CropScaleOrientation.m"; sourceTree = "<group>"; };
		3D5D44AC12F747B3A1B13DE6 /* libGTM_NSStringHTML.a */ = {isa = PBXFileReference; fileEncoding = 4; lastKnownFileType = archive.ar; name = libGTM_NSStringHTML.a; path = "Sharood/Plugins/phonegap-plugin-push/GCM/Libraries/libGTM_NSStringHTML.a"; sourceTree = "<group>"; };
		3E47E1DC4D9849A3BF8BD200 /* GGLErrorCode.h */ = {isa = PBXFileReference; fileEncoding = 4; lastKnownFileType = sourcecode.c.h; name = GGLErrorCode.h; path = "phonegap-plugin-push/GCM/Headers/GGLErrorCode.h"; sourceTree = "<group>"; };
		403CF3CC3D8048878987AA99 /* libGTMSessionFetcher_core.a */ = {isa = PBXFileReference; fileEncoding = 4; lastKnownFileType = archive.ar; name = libGTMSessionFetcher_core.a; path = "Sharood/Plugins/phonegap-plugin-push/GCM/Libraries/libGTMSessionFetcher_core.a"; sourceTree = "<group>"; };
		4263A09D9FF249FD8F8B591F /* CDVCamera.m */ = {isa = PBXFileReference; fileEncoding = 4; lastKnownFileType = sourcecode.c.objc; name = CDVCamera.m; path = org.apache.cordova.camera/CDVCamera.m; sourceTree = "<group>"; };
		4DC8BED7591644498A05BD21 /* GGLConfiguration.h */ = {isa = PBXFileReference; fileEncoding = 4; lastKnownFileType = sourcecode.c.h; name = GGLConfiguration.h; path = "phonegap-plugin-push/GCM/Headers/GGLConfiguration.h"; sourceTree = "<group>"; };
		506EAFB0AD17428AA5FEAA14 /* AppDelegate+APPAppEvent.h */ = {isa = PBXFileReference; fileEncoding = 4; lastKnownFileType = sourcecode.c.h; name = "AppDelegate+APPAppEvent.h"; path = "cordova-plugin-app-event/AppDelegate+APPAppEvent.h"; sourceTree = "<group>"; };
		524B567DC348449EA242441F /* APPEmailComposer.m */ = {isa = PBXFileReference; fileEncoding = 4; lastKnownFileType = sourcecode.c.objc; name = APPEmailComposer.m; path = "de.appplant.cordova.plugin.email-composer/APPEmailComposer.m"; sourceTree = "<group>"; };
		57ECF1FEA7924E5C95AC7739 /* GGLInstanceID.h */ = {isa = PBXFileReference; fileEncoding = 4; lastKnownFileType = sourcecode.c.h; name = GGLInstanceID.h; path = "phonegap-plugin-push/GCM/Headers/GGLInstanceID.h"; sourceTree = "<group>"; };
		5B1594DC16A7569C00FEF299 /* AssetsLibrary.framework */ = {isa = PBXFileReference; lastKnownFileType = wrapper.framework; name = AssetsLibrary.framework; path = System/Library/Frameworks/AssetsLibrary.framework; sourceTree = SDKROOT; };
		5B25D6C2825941828C9AFCC1 /* libGTM_NSScannerJSON.a */ = {isa = PBXFileReference; fileEncoding = 4; lastKnownFileType = archive.ar; name = libGTM_NSScannerJSON.a; path = "Sharood/Plugins/phonegap-plugin-push/GCM/Libraries/libGTM_NSScannerJSON.a"; sourceTree = "<group>"; };
		5BC629003D6D4E8BB20B4C0E /* DatePicker.m */ = {isa = PBXFileReference; fileEncoding = 4; lastKnownFileType = sourcecode.c.objc; name = DatePicker.m; path = "cordova-plugin-datepicker/DatePicker.m"; sourceTree = "<group>"; };
		5F56CEFAFD9F4F25BF9DE3E7 /* libGTM_StringEncoding.a */ = {isa = PBXFileReference; fileEncoding = 4; lastKnownFileType = archive.ar; name = libGTM_StringEncoding.a; path = "Sharood/Plugins/phonegap-plugin-push/GCM/Libraries/libGTM_StringEncoding.a"; sourceTree = "<group>"; };
		5F6C6D18C55249F5AE95F069 /* libsqlite3.tbd */ = {isa = PBXFileReference; fileEncoding = 4; lastKnownFileType = unknown; path = libsqlite3.tbd; sourceTree = "<group>"; };
		6345626CE58A43FB9A126BFA /* libGTM_NSStringXML.a */ = {isa = PBXFileReference; fileEncoding = 4; lastKnownFileType = archive.ar; name = libGTM_NSStringXML.a; path = "Sharood/Plugins/phonegap-plugin-push/GCM/Libraries/libGTM_NSStringXML.a"; sourceTree = "<group>"; };
		63C9FBA40D9E4296872623D4 /* CDVPlugin+APPAppEvent.h */ = {isa = PBXFileReference; fileEncoding = 4; lastKnownFileType = sourcecode.c.h; name = "CDVPlugin+APPAppEvent.h"; path = "cordova-plugin-app-event/CDVPlugin+APPAppEvent.h"; sourceTree = "<group>"; };
		649B7F40D84D41F29DE4FF9D /* libGTMSessionFetcher_full.a */ = {isa = PBXFileReference; fileEncoding = 4; lastKnownFileType = archive.ar; name = libGTMSessionFetcher_full.a; path = "Sharood/Plugins/phonegap-plugin-push/GCM/Libraries/libGTMSessionFetcher_full.a"; sourceTree = "<group>"; };
		6791DDF2ABE6419287B4B1FF /* CDVExif.h */ = {isa = PBXFileReference; fileEncoding = 4; lastKnownFileType = sourcecode.c.h; name = CDVExif.h; path = org.apache.cordova.camera/CDVExif.h; sourceTree = "<group>"; };
		6CA7B1F1EEE9442C98FBB7D6 /* GCMPubSub.h */ = {isa = PBXFileReference; fileEncoding = 4; lastKnownFileType = sourcecode.c.h; name = GCMPubSub.h; path = "phonegap-plugin-push/GCM/Headers/GCMPubSub.h"; sourceTree = "<group>"; };
		6D80A378397E48D79405523F /* MessageUI.framework */ = {isa = PBXFileReference; fileEncoding = 4; lastKnownFileType = wrapper.framework; name = MessageUI.framework; path = System/Library/Frameworks/MessageUI.framework; sourceTree = SDKROOT; };
		7060ADA950F8430B9778F59C /* CDVReachability.m */ = {isa = PBXFileReference; fileEncoding = 4; lastKnownFileType = sourcecode.c.objc; name = CDVReachability.m; path = "cordova-plugin-network-information/CDVReachability.m"; sourceTree = "<group>"; };
		764394C5026542DEBFD57E3E /* Core.h */ = {isa = PBXFileReference; fileEncoding = 4; lastKnownFileType = sourcecode.c.h; name = Core.h; path = "phonegap-plugin-push/GCM/Headers/Core.h"; sourceTree = "<group>"; };
		76626D35138A48F38ACE8CC3 /* libGTM_GTMURLBuilder.a */ = {isa = PBXFileReference; fileEncoding = 4; lastKnownFileType = archive.ar; name = libGTM_GTMURLBuilder.a; path = "Sharood/Plugins/phonegap-plugin-push/GCM/Libraries/libGTM_GTMURLBuilder.a"; sourceTree = "<group>"; };
		7AA1D221424E45698BB41C5B /* CDVConnection.m */ = {isa = PBXFileReference; fileEncoding = 4; lastKnownFileType = sourcecode.c.objc; name = CDVConnection.m; path = "cordova-plugin-network-information/CDVConnection.m"; sourceTree = "<group>"; };
		7BE0DFC569A24A899BD9ABD9 /* UILocalNotification+APPLocalNotification.h */ = {isa = PBXFileReference; fileEncoding = 4; lastKnownFileType = sourcecode.c.h; name = "UILocalNotification+APPLocalNotification.h"; path = "de.appplant.cordova.plugin.local-notification/UILocalNotification+APPLocalNotification.h"; sourceTree = "<group>"; };
		7D687190BD474051A50CBDC7 /* libGGLInstanceIDLib.a */ = {isa = PBXFileReference; fileEncoding = 4; lastKnownFileType = archive.ar; name = libGGLInstanceIDLib.a; path = "Sharood/Plugins/phonegap-plugin-push/GCM/Libraries/libGGLInstanceIDLib.a"; sourceTree = "<group>"; };
		7E7966D41810823500FA85AD /* icon-40.png */ = {isa = PBXFileReference; lastKnownFileType = image.png; path = "icon-40.png"; sourceTree = "<group>"; };
		7E7966D51810823500FA85AD /* icon-40@2x.png */ = {isa = PBXFileReference; lastKnownFileType = image.png; path = "icon-40@2x.png"; sourceTree = "<group>"; };
		7E7966D61810823500FA85AD /* icon-50.png */ = {isa = PBXFileReference; lastKnownFileType = image.png; path = "icon-50.png"; sourceTree = "<group>"; };
		7E7966D71810823500FA85AD /* icon-50@2x.png */ = {isa = PBXFileReference; lastKnownFileType = image.png; path = "icon-50@2x.png"; sourceTree = "<group>"; };
		7E7966D81810823500FA85AD /* icon-60.png */ = {isa = PBXFileReference; lastKnownFileType = image.png; path = "icon-60.png"; sourceTree = "<group>"; };
		7E7966D91810823500FA85AD /* icon-60@2x.png */ = {isa = PBXFileReference; lastKnownFileType = image.png; path = "icon-60@2x.png"; sourceTree = "<group>"; };
		7E7966DA1810823500FA85AD /* icon-76.png */ = {isa = PBXFileReference; lastKnownFileType = image.png; path = "icon-76.png"; sourceTree = "<group>"; };
		7E7966DB1810823500FA85AD /* icon-76@2x.png */ = {isa = PBXFileReference; lastKnownFileType = image.png; path = "icon-76@2x.png"; sourceTree = "<group>"; };
		7E7966DC1810823500FA85AD /* icon-small.png */ = {isa = PBXFileReference; lastKnownFileType = image.png; path = "icon-small.png"; sourceTree = "<group>"; };
		7E7966DD1810823500FA85AD /* icon-small@2x.png */ = {isa = PBXFileReference; lastKnownFileType = image.png; path = "icon-small@2x.png"; sourceTree = "<group>"; };
		80C9AAD73359430488299CC6 /* SystemConfiguration.framework */ = {isa = PBXFileReference; fileEncoding = 4; lastKnownFileType = wrapper.framework; name = SystemConfiguration.framework; path = System/Library/Frameworks/SystemConfiguration.framework; sourceTree = SDKROOT; };
		88F2D2806D4541929311DFBA /* libGIP_Reachability.a */ = {isa = PBXFileReference; fileEncoding = 4; lastKnownFileType = archive.ar; name = libGIP_Reachability.a; path = "Sharood/Plugins/phonegap-plugin-push/GCM/Libraries/libGIP_Reachability.a"; sourceTree = "<group>"; };
		8B190F13B9D44485BE92B515 /* PushPlugin.h */ = {isa = PBXFileReference; fileEncoding = 4; lastKnownFileType = sourcecode.c.h; name = PushPlugin.h; path = "phonegap-plugin-push/PushPlugin.h"; sourceTree = "<group>"; };
		8BC44341535349649FF28F64 /* libGTM_NSDictionary+URLArguments.a */ = {isa = PBXFileReference; fileEncoding = 4; lastKnownFileType = archive.ar; name = "libGTM_NSDictionary+URLArguments.a"; path = "Sharood/Plugins/phonegap-plugin-push/GCM/Libraries/libGTM_NSDictionary+URLArguments.a"; sourceTree = "<group>"; };
		8C08F829EE2C4FDEB52D218E /* AppDelegate+APPAppEvent.m */ = {isa = PBXFileReference; fileEncoding = 4; lastKnownFileType = sourcecode.c.objc; name = "AppDelegate+APPAppEvent.m"; path = "cordova-plugin-app-event/AppDelegate+APPAppEvent.m"; sourceTree = "<group>"; };
		8D1107310486CEB800E47090 /* Sharood-Info.plist */ = {isa = PBXFileReference; fileEncoding = 4; lastKnownFileType = text.plist.xml; name = "Sharood-Info.plist"; path = "../Sharood-Info.plist"; plistStructureDefinitionIdentifier = "com.apple.xcode.plist.structure-definition.iphone.info-plist"; sourceTree = "<group>"; };
		8DA7071DBE4242929E377411 /* APPLocalNotification.h */ = {isa = PBXFileReference; fileEncoding = 4; lastKnownFileType = sourcecode.c.h; name = APPLocalNotification.h; path = "de.appplant.cordova.plugin.local-notification/APPLocalNotification.h"; sourceTree = "<group>"; };
		8F997E143EB24470A5681663 /* libGTM_RoundedRectPath.a */ = {isa = PBXFileReference; fileEncoding = 4; lastKnownFileType = archive.ar; name = libGTM_RoundedRectPath.a; path = "Sharood/Plugins/phonegap-plugin-push/GCM/Libraries/libGTM_RoundedRectPath.a"; sourceTree = "<group>"; };
		94546F3C151F4EC4B5FAA6FA /* APPLocalNotification.m */ = {isa = PBXFileReference; fileEncoding = 4; lastKnownFileType = sourcecode.c.objc; name = APPLocalNotification.m; path = "de.appplant.cordova.plugin.local-notification/APPLocalNotification.m"; sourceTree = "<group>"; };
		94F56C8CE95C4A72ABCF1F25 /* GGLContext.h */ = {isa = PBXFileReference; fileEncoding = 4; lastKnownFileType = sourcecode.c.h; name = GGLContext.h; path = "phonegap-plugin-push/GCM/Headers/GGLContext.h"; sourceTree = "<group>"; };
		95B7D0F23BC74A619E5C2450 /* CDVCamera.h */ = {isa = PBXFileReference; fileEncoding = 4; lastKnownFileType = sourcecode.c.h; name = CDVCamera.h; path = org.apache.cordova.camera/CDVCamera.h; sourceTree = "<group>"; };
		95B85D31ED12479C8D2213D0 /* GCMConfig.h */ = {isa = PBXFileReference; fileEncoding = 4; lastKnownFileType = sourcecode.c.h; name = GCMConfig.h; path = "phonegap-plugin-push/GCM/Headers/GCMConfig.h"; sourceTree = "<group>"; };
		97346677CF1644718E5D31D0 /* CDVConnection.h */ = {isa = PBXFileReference; fileEncoding = 4; lastKnownFileType = sourcecode.c.h; name = CDVConnection.h; path = "cordova-plugin-network-information/CDVConnection.h"; sourceTree = "<group>"; };
		99EA8A2C2A3242F7A3CAD7F0 /* libGGLCore.a */ = {isa = PBXFileReference; fileEncoding = 4; lastKnownFileType = archive.ar; name = libGGLCore.a; path = "Sharood/Plugins/phonegap-plugin-push/GCM/Libraries/libGGLCore.a"; sourceTree = "<group>"; };
		9BDBE537441C4AB5BF945DA0 /* CDVReachability.h */ = {isa = PBXFileReference; fileEncoding = 4; lastKnownFileType = sourcecode.c.h; name = CDVReachability.h; path = "cordova-plugin-network-information/CDVReachability.h"; sourceTree = "<group>"; };
		9CC984AF96DB4C0484B97A86 /* ImageIO.framework */ = {isa = PBXFileReference; fileEncoding = 4; lastKnownFileType = wrapper.framework; name = ImageIO.framework; path = System/Library/Frameworks/ImageIO.framework; sourceTree = SDKROOT; };
		A173362683F2452B873E60E1 /* CoreTelephony.framework */ = {isa = PBXFileReference; fileEncoding = 4; lastKnownFileType = wrapper.framework; name = CoreTelephony.framework; path = System/Library/Frameworks/CoreTelephony.framework; sourceTree = SDKROOT; };
		A2CCF8DD495649E291D9B753 /* CoreLocation.framework */ = {isa = PBXFileReference; fileEncoding = 4; lastKnownFileType = wrapper.framework; name = CoreLocation.framework; path = System/Library/Frameworks/CoreLocation.framework; sourceTree = SDKROOT; };
		A8998F69420F4125ACB1F7C6 /* CDVJpegHeaderWriter.m */ = {isa = PBXFileReference; fileEncoding = 4; lastKnownFileType = sourcecode.c.objc; name = CDVJpegHeaderWriter.m; path = org.apache.cordova.camera/CDVJpegHeaderWriter.m; sourceTree = "<group>"; };
		AC4DBB20DF83410A85696F1B /* GGLInstanceIDConfig.h */ = {isa = PBXFileReference; fileEncoding = 4; lastKnownFileType = sourcecode.c.h; name = GGLInstanceIDConfig.h; path = "phonegap-plugin-push/GCM/Headers/GGLInstanceIDConfig.h"; sourceTree = "<group>"; };
		B2DB182B285A470A8E6BA779 /* CloudMessaging.h */ = {isa = PBXFileReference; fileEncoding = 4; lastKnownFileType = sourcecode.c.h; name = CloudMessaging.h; path = "phonegap-plugin-push/GCM/Headers/CloudMessaging.h"; sourceTree = "<group>"; };
		B38EEC306D1C41D1A1A1B0B3 /* UILocalNotification+APPLocalNotification.m */ = {isa = PBXFileReference; fileEncoding = 4; lastKnownFileType = sourcecode.c.objc; name = "UILocalNotification+APPLocalNotification.m"; path = "de.appplant.cordova.plugin.local-notification/UILocalNotification+APPLocalNotification.m"; sourceTree = "<group>"; };
		B98708F1D62B4FE889A40059 /* libGTM_UIFont+LineHeight.a */ = {isa = PBXFileReference; fileEncoding = 4; lastKnownFileType = archive.ar; name = "libGTM_UIFont+LineHeight.a"; path = "Sharood/Plugins/phonegap-plugin-push/GCM/Libraries/libGTM_UIFont+LineHeight.a"; sourceTree = "<group>"; };
		BB64130E67D449889B7789A5 /* AppDelegate+notification.m */ = {isa = PBXFileReference; fileEncoding = 4; lastKnownFileType = sourcecode.c.objc; name = "AppDelegate+notification.m"; path = "phonegap-plugin-push/AppDelegate+notification.m"; sourceTree = "<group>"; };
		BB642DDAB7024ADFAFF4529D /* GGLContext+CloudMessaging.h */ = {isa = PBXFileReference; fileEncoding = 4; lastKnownFileType = sourcecode.c.h; name = "GGLContext+CloudMessaging.h"; path = "phonegap-plugin-push/GCM/Headers/GGLContext+CloudMessaging.h"; sourceTree = "<group>"; };
		BD6309F7586E40CBAD774AB1 /* APPLocalNotificationOptions.m */ = {isa = PBXFileReference; fileEncoding = 4; lastKnownFileType = sourcecode.c.objc; name = APPLocalNotificationOptions.m; path = "de.appplant.cordova.plugin.local-notification/APPLocalNotificationOptions.m"; sourceTree = "<group>"; };
		BD7A299A08A442FEB5959F51 /* DatePicker.xib */ = {isa = PBXFileReference; fileEncoding = 4; lastKnownFileType = file.xib; path = DatePicker.xib; sourceTree = "<group>"; };
		C0014CB1DC39471FA8B9ADE9 /* UIApplication+APPLocalNotification.h */ = {isa = PBXFileReference; fileEncoding = 4; lastKnownFileType = sourcecode.c.h; name = "UIApplication+APPLocalNotification.h"; path = "de.appplant.cordova.plugin.local-notification/UIApplication+APPLocalNotification.h"; sourceTree = "<group>"; };
		D4A0D8751607E02300AEF8BB /* Default-568h@2x~iphone.png */ = {isa = PBXFileReference; lastKnownFileType = image.png; path = "Default-568h@2x~iphone.png"; sourceTree = "<group>"; };
		D7F71285070D4E798750D73D /* AppDelegate+notification.h */ = {isa = PBXFileReference; fileEncoding = 4; lastKnownFileType = sourcecode.c.h; name = "AppDelegate+notification.h"; path = "phonegap-plugin-push/AppDelegate+notification.h"; sourceTree = "<group>"; };
		DBE5C9D808214F6FAB976B53 /* CDVDevice.h */ = {isa = PBXFileReference; fileEncoding = 4; lastKnownFileType = sourcecode.c.h; name = CDVDevice.h; path = "cordova-plugin-device/CDVDevice.h"; sourceTree = "<group>"; };
		E518424CF4A943F897859434 /* CDVDevice.m */ = {isa = PBXFileReference; fileEncoding = 4; lastKnownFileType = sourcecode.c.objc; name = CDVDevice.m; path = "cordova-plugin-device/CDVDevice.m"; sourceTree = "<group>"; };
		E63E5BB6DB1E4FEF976BB6D7 /* libGTM_KVO.a */ = {isa = PBXFileReference; fileEncoding = 4; lastKnownFileType = archive.ar; name = libGTM_KVO.a; path = "Sharood/Plugins/phonegap-plugin-push/GCM/Libraries/libGTM_KVO.a"; sourceTree = "<group>"; };
		EACEEA71D6EF479A859A9AFB /* GoogleCloudMessaging.h */ = {isa = PBXFileReference; fileEncoding = 4; lastKnownFileType = sourcecode.c.h; name = GoogleCloudMessaging.h; path = "phonegap-plugin-push/GCM/Headers/GoogleCloudMessaging.h"; sourceTree = "<group>"; };
		EB87FDF21871DA7A0020F90C /* merges */ = {isa = PBXFileReference; lastKnownFileType = folder; name = merges; path = ../../merges; sourceTree = "<group>"; };
		EB87FDF31871DA8E0020F90C /* www */ = {isa = PBXFileReference; lastKnownFileType = folder; name = www; path = ../../www; sourceTree = "<group>"; };
		EB87FDF41871DAF40020F90C /* config.xml */ = {isa = PBXFileReference; lastKnownFileType = text.xml; name = config.xml; path = ../../config.xml; sourceTree = "<group>"; };
		EBF7810C7D154CFC9B266139 /* GCMService.h */ = {isa = PBXFileReference; fileEncoding = 4; lastKnownFileType = sourcecode.c.h; name = GCMService.h; path = "phonegap-plugin-push/GCM/Headers/GCMService.h"; sourceTree = "<group>"; };
		F5C8503A301043CE9509122A /* libGTM_NSData+zlib.a */ = {isa = PBXFileReference; fileEncoding = 4; lastKnownFileType = archive.ar; name = "libGTM_NSData+zlib.a"; path = "Sharood/Plugins/phonegap-plugin-push/GCM/Libraries/libGTM_NSData+zlib.a"; sourceTree = "<group>"; };
		F840E1F0165FE0F500CFE078 /* config.xml */ = {isa = PBXFileReference; lastKnownFileType = text.xml; name = config.xml; path = Sharood/config.xml; sourceTree = "<group>"; };
		FB241722D615451D9107A38A /* APPLocalNotificationOptions.h */ = {isa = PBXFileReference; fileEncoding = 4; lastKnownFileType = sourcecode.c.h; name = APPLocalNotificationOptions.h; path = "de.appplant.cordova.plugin.local-notification/APPLocalNotificationOptions.h"; sourceTree = "<group>"; };
		FB8D4DAE6BFD42E2B4EE2320 /* CDVJpegHeaderWriter.h */ = {isa = PBXFileReference; fileEncoding = 4; lastKnownFileType = sourcecode.c.h; name = CDVJpegHeaderWriter.h; path = org.apache.cordova.camera/CDVJpegHeaderWriter.h; sourceTree = "<group>"; };
/* End PBXFileReference section */

/* Begin PBXFrameworksBuildPhase section */
		1D60588F0D05DD3D006BFB54 /* Frameworks */ = {
			isa = PBXFrameworksBuildPhase;
			buildActionMask = 2147483647;
			files = (
				5B1594DD16A7569C00FEF299 /* AssetsLibrary.framework in Frameworks */,
				301BF552109A68D80062928A /* libCordova.a in Frameworks */,
				288765FD0DF74451002DB57D /* CoreGraphics.framework in Frameworks */,
				305D5FD1115AB8F900A74A75 /* MobileCoreServices.framework in Frameworks */,
				D3949BF7640540529290CD0E /* SystemConfiguration.framework in Frameworks */,
				36A4D11FAE814622BC45C9A1 /* CoreTelephony.framework in Frameworks */,
				7A3B6A2A78AB45908830E64F /* MessageUI.framework in Frameworks */,
				85432DD9C87C4BD4BC5A6610 /* ImageIO.framework in Frameworks */,
				24F46B69A7C94EED9199A04C /* CoreLocation.framework in Frameworks */,
				97B509DADD7C40368AAEDFA5 /* libGGLCloudMessaging.a in Frameworks */,
				4050C15A65894686B9E306AF /* libGGLCore.a in Frameworks */,
				38107D4CF5EF4115B3A47EAF /* libGGLInstanceIDLib.a in Frameworks */,
				8B1CAD3B236545919BD22EF9 /* libGIP_Reachability.a in Frameworks */,
				5EE1CE3D148E4BEAA976D4C5 /* libGSDK_Overload.a in Frameworks */,
				4A965C935E4F423DA36D7DE8 /* libGTMSessionFetcher_core.a in Frameworks */,
				22DB76FE43C64893B2A5CD69 /* libGTMSessionFetcher_full.a in Frameworks */,
				3AC61A70200644578FC5A5B8 /* libGTMStackTrace.a in Frameworks */,
				2560167600244D449B20BA6F /* libGTM_AddressBook.a in Frameworks */,
				3F6FC3D8C5084447B16B2CCD /* libGTM_DebugUtils.a in Frameworks */,
				BB89550207E4467A96084919 /* libGTM_GTMURLBuilder.a in Frameworks */,
				486934F3FD16490C836D4B60 /* libGTM_KVO.a in Frameworks */,
				215096FE5A144F6D919347ED /* libGTM_NSData+zlib.a in Frameworks */,
				88DECD440CCD42E4A66E1324 /* libGTM_NSDictionary+URLArguments.a in Frameworks */,
				896B320060BA4AF1A9C36DA6 /* libGTM_NSScannerJSON.a in Frameworks */,
				94A0F112ED76447DBDD774B4 /* libGTM_NSStringHTML.a in Frameworks */,
				2C68944496E445B7B80C5C7C /* libGTM_NSStringXML.a in Frameworks */,
				ED46825FBDA146ABB2EF1DD1 /* libGTM_Regex.a in Frameworks */,
				D04232EAA7B4476FAC821CBA /* libGTM_RoundedRectPath.a in Frameworks */,
				EE12C3DFA71D4B4D92A0E642 /* libGTM_StringEncoding.a in Frameworks */,
				FFCBEE24A8E04554B7924951 /* libGTM_SystemVersion.a in Frameworks */,
				B7CE60BB40C54C8F979A0912 /* libGTM_UIFont+LineHeight.a in Frameworks */,
				9F1038F7A0894674A0CD0DA5 /* libGTM_core.a in Frameworks */,
				7ACA7EDA966645BD98ACFD98 /* libGTM_iPhone.a in Frameworks */,
				5E419BD2295D436BB1A90D33 /* libGcmLib.a in Frameworks */,
				A4B7DE6A95994A3398208281 /* libProtocolBuffers.a in Frameworks */,
				31C6F0E79668407CA1BB44C7 /* AddressBook.framework in Frameworks */,
				ECFDE37FDBF64FCE96B0B9D5 /* libsqlite3.tbd in Frameworks */,
				FEEBA1EAFBC24C5AA263E535 /* libz.tbd in Frameworks */,
			);
			runOnlyForDeploymentPostprocessing = 0;
		};
/* End PBXFrameworksBuildPhase section */

/* Begin PBXGroup section */
		080E96DDFE201D6D7F000001 /* Classes */ = {
			isa = PBXGroup;
			children = (
				302D95EE14D2391D003F00A1 /* MainViewController.h */,
				302D95EF14D2391D003F00A1 /* MainViewController.m */,
				302D95F014D2391D003F00A1 /* MainViewController.xib */,
				1D3623240D0F684500981E51 /* AppDelegate.h */,
				1D3623250D0F684500981E51 /* AppDelegate.m */,
			);
			name = Classes;
			path = Sharood/Classes;
			sourceTree = SOURCE_ROOT;
		};
		19C28FACFE9D520D11CA2CBB /* Products */ = {
			isa = PBXGroup;
			children = (
				1D6058910D05DD3D006BFB54 /* Sharood.app */,
			);
			name = Products;
			sourceTree = "<group>";
		};
		29B97314FDCFA39411CA2CEA /* CustomTemplate */ = {
			isa = PBXGroup;
			children = (
				EB87FDF41871DAF40020F90C /* config.xml */,
				EB87FDF31871DA8E0020F90C /* www */,
				EB87FDF21871DA7A0020F90C /* merges */,
				EB87FDF11871DA420020F90C /* Staging */,
				301BF52D109A57CC0062928A /* CordovaLib.xcodeproj */,
				080E96DDFE201D6D7F000001 /* Classes */,
				307C750510C5A3420062BCA9 /* Plugins */,
				29B97315FDCFA39411CA2CEA /* Other Sources */,
				29B97317FDCFA39411CA2CEA /* Resources */,
				29B97323FDCFA39411CA2CEA /* Frameworks */,
				19C28FACFE9D520D11CA2CBB /* Products */,
			);
			name = CustomTemplate;
			sourceTree = "<group>";
		};
		29B97315FDCFA39411CA2CEA /* Other Sources */ = {
			isa = PBXGroup;
			children = (
				32CA4F630368D1EE00C91783 /* Sharood-Prefix.pch */,
				29B97316FDCFA39411CA2CEA /* main.m */,
			);
			name = "Other Sources";
			path = Sharood;
			sourceTree = "<group>";
		};
		29B97317FDCFA39411CA2CEA /* Resources */ = {
			isa = PBXGroup;
			children = (
				0DEE39B91CA4A22300472ADA /* Images.xcassets */,
				308D052D1370CCF300D202BF /* icons */,
				308D05311370CCF300D202BF /* splash */,
				8D1107310486CEB800E47090 /* Sharood-Info.plist */,
				BD7A299A08A442FEB5959F51 /* DatePicker.xib */,
			);
			name = Resources;
			path = Sharood/Resources;
			sourceTree = "<group>";
		};
		29B97323FDCFA39411CA2CEA /* Frameworks */ = {
			isa = PBXGroup;
			children = (
				5B1594DC16A7569C00FEF299 /* AssetsLibrary.framework */,
				288765FC0DF74451002DB57D /* CoreGraphics.framework */,
				305D5FD0115AB8F900A74A75 /* MobileCoreServices.framework */,
				80C9AAD73359430488299CC6 /* SystemConfiguration.framework */,
				A173362683F2452B873E60E1 /* CoreTelephony.framework */,
				6D80A378397E48D79405523F /* MessageUI.framework */,
				9CC984AF96DB4C0484B97A86 /* ImageIO.framework */,
				A2CCF8DD495649E291D9B753 /* CoreLocation.framework */,
				163EC988D6B74C56AE53B084 /* libGGLCloudMessaging.a */,
				99EA8A2C2A3242F7A3CAD7F0 /* libGGLCore.a */,
				7D687190BD474051A50CBDC7 /* libGGLInstanceIDLib.a */,
				88F2D2806D4541929311DFBA /* libGIP_Reachability.a */,
				109672B4C5A0460AB08BEAD4 /* libGSDK_Overload.a */,
				403CF3CC3D8048878987AA99 /* libGTMSessionFetcher_core.a */,
				649B7F40D84D41F29DE4FF9D /* libGTMSessionFetcher_full.a */,
				071C4A322D064A418E61CDEC /* libGTMStackTrace.a */,
				0C22F19D8210481AA49CA3E0 /* libGTM_AddressBook.a */,
				2DB466F9BD5C48DFBA9EEE53 /* libGTM_DebugUtils.a */,
				76626D35138A48F38ACE8CC3 /* libGTM_GTMURLBuilder.a */,
				E63E5BB6DB1E4FEF976BB6D7 /* libGTM_KVO.a */,
				F5C8503A301043CE9509122A /* libGTM_NSData+zlib.a */,
				8BC44341535349649FF28F64 /* libGTM_NSDictionary+URLArguments.a */,
				5B25D6C2825941828C9AFCC1 /* libGTM_NSScannerJSON.a */,
				3D5D44AC12F747B3A1B13DE6 /* libGTM_NSStringHTML.a */,
				6345626CE58A43FB9A126BFA /* libGTM_NSStringXML.a */,
				39B5FA6146414EFAAA68BD6C /* libGTM_Regex.a */,
				8F997E143EB24470A5681663 /* libGTM_RoundedRectPath.a */,
				5F56CEFAFD9F4F25BF9DE3E7 /* libGTM_StringEncoding.a */,
				1948B8E609D3403CAB3FD231 /* libGTM_SystemVersion.a */,
				B98708F1D62B4FE889A40059 /* libGTM_UIFont+LineHeight.a */,
				1BEA8972643546A8A399E854 /* libGTM_core.a */,
				07B8D717F12445BEADC8AE6A /* libGTM_iPhone.a */,
				3A85B3E6BE6444BE9BDB3CC1 /* libGcmLib.a */,
				00587F9445034BA599560739 /* libProtocolBuffers.a */,
				09AAF76190064D80A217C89F /* AddressBook.framework */,
				5F6C6D18C55249F5AE95F069 /* libsqlite3.tbd */,
				149ABE212709405BB65AAFED /* libz.tbd */,
			);
			name = Frameworks;
			sourceTree = "<group>";
		};
		301BF52E109A57CC0062928A /* Products */ = {
			isa = PBXGroup;
			children = (
				301BF535109A57CC0062928A /* libCordova.a */,
			);
			name = Products;
			sourceTree = "<group>";
		};
		307C750510C5A3420062BCA9 /* Plugins */ = {
			isa = PBXGroup;
			children = (
				5BC629003D6D4E8BB20B4C0E /* DatePicker.m */,
				2606E8820BFD46F39A6B0C15 /* DatePicker.h */,
				E518424CF4A943F897859434 /* CDVDevice.m */,
				DBE5C9D808214F6FAB976B53 /* CDVDevice.h */,
				7AA1D221424E45698BB41C5B /* CDVConnection.m */,
				7060ADA950F8430B9778F59C /* CDVReachability.m */,
				97346677CF1644718E5D31D0 /* CDVConnection.h */,
				9BDBE537441C4AB5BF945DA0 /* CDVReachability.h */,
				524B567DC348449EA242441F /* APPEmailComposer.m */,
				139441E0BA844E05B14AB6EC /* APPEmailComposer.h */,
				3B111041F4E44672A1C8D1A8 /* UIImage+CropScaleOrientation.m */,
				4263A09D9FF249FD8F8B591F /* CDVCamera.m */,
				A8998F69420F4125ACB1F7C6 /* CDVJpegHeaderWriter.m */,
				09726DD6E99E495AAB894BA8 /* UIImage+CropScaleOrientation.h */,
				95B7D0F23BC74A619E5C2450 /* CDVCamera.h */,
				FB8D4DAE6BFD42E2B4EE2320 /* CDVJpegHeaderWriter.h */,
				6791DDF2ABE6419287B4B1FF /* CDVExif.h */,
				BB64130E67D449889B7789A5 /* AppDelegate+notification.m */,
				094793924C404357937EEAEE /* PushPlugin.m */,
				D7F71285070D4E798750D73D /* AppDelegate+notification.h */,
				8B190F13B9D44485BE92B515 /* PushPlugin.h */,
				57ECF1FEA7924E5C95AC7739 /* GGLInstanceID.h */,
				AC4DBB20DF83410A85696F1B /* GGLInstanceIDConfig.h */,
				3899C5B5D95C44BEB9BC0B95 /* GGLInstanceIDDelegate.h */,
				2A382EF54A0C4CA7B42ADEDE /* GGLInstanceIDHeaders.h */,
				B2DB182B285A470A8E6BA779 /* CloudMessaging.h */,
				BB642DDAB7024ADFAFF4529D /* GGLContext+CloudMessaging.h */,
				764394C5026542DEBFD57E3E /* Core.h */,
				4DC8BED7591644498A05BD21 /* GGLConfiguration.h */,
				94F56C8CE95C4A72ABCF1F25 /* GGLContext.h */,
				3E47E1DC4D9849A3BF8BD200 /* GGLErrorCode.h */,
				95B85D31ED12479C8D2213D0 /* GCMConfig.h */,
				6CA7B1F1EEE9442C98FBB7D6 /* GCMPubSub.h */,
				242CD628A7DF431BB5BEE4CD /* GCMReceiverDelegate.h */,
				EBF7810C7D154CFC9B266139 /* GCMService.h */,
				EACEEA71D6EF479A859A9AFB /* GoogleCloudMessaging.h */,
				8C08F829EE2C4FDEB52D218E /* AppDelegate+APPAppEvent.m */,
				2B34EB7AA5994E2890F90541 /* CDVPlugin+APPAppEvent.m */,
				506EAFB0AD17428AA5FEAA14 /* AppDelegate+APPAppEvent.h */,
				63C9FBA40D9E4296872623D4 /* CDVPlugin+APPAppEvent.h */,
				2E7579F0D2D14096BA9D91B2 /* APPAppEventDelegate.h */,
				94546F3C151F4EC4B5FAA6FA /* APPLocalNotification.m */,
				BD6309F7586E40CBAD774AB1 /* APPLocalNotificationOptions.m */,
				0E2081BA623A4520AB567A71 /* UIApplication+APPLocalNotification.m */,
				B38EEC306D1C41D1A1A1B0B3 /* UILocalNotification+APPLocalNotification.m */,
				8DA7071DBE4242929E377411 /* APPLocalNotification.h */,
				FB241722D615451D9107A38A /* APPLocalNotificationOptions.h */,
				C0014CB1DC39471FA8B9ADE9 /* UIApplication+APPLocalNotification.h */,
				7BE0DFC569A24A899BD9ABD9 /* UILocalNotification+APPLocalNotification.h */,
			);
			name = Plugins;
			path = Sharood/Plugins;
			sourceTree = SOURCE_ROOT;
		};
		308D052D1370CCF300D202BF /* icons */ = {
			isa = PBXGroup;
			children = (
				0DC43E7D1CA5293D00E0107B /* icon-120.png */,
				0DC43E7E1CA5293D00E0107B /* icon-152.png */,
				30C1856519D5FC0A00212699 /* icon-60@3x.png */,
				7E7966D41810823500FA85AD /* icon-40.png */,
				7E7966D51810823500FA85AD /* icon-40@2x.png */,
				7E7966D61810823500FA85AD /* icon-50.png */,
				7E7966D71810823500FA85AD /* icon-50@2x.png */,
				7E7966D81810823500FA85AD /* icon-60.png */,
				7E7966D91810823500FA85AD /* icon-60@2x.png */,
				7E7966DA1810823500FA85AD /* icon-76.png */,
				7E7966DB1810823500FA85AD /* icon-76@2x.png */,
				7E7966DC1810823500FA85AD /* icon-small.png */,
				7E7966DD1810823500FA85AD /* icon-small@2x.png */,
				30FC414816E50CA1004E6F35 /* icon-72@2x.png */,
				308D052E1370CCF300D202BF /* icon-72.png */,
				308D052F1370CCF300D202BF /* icon.png */,
				308D05301370CCF300D202BF /* icon@2x.png */,
			);
			path = icons;
			sourceTree = "<group>";
		};
		308D05311370CCF300D202BF /* splash */ = {
			isa = PBXGroup;
			children = (
				0DC43E811CA5294E00E0107B /* Default-568h.png */,
				0DC43E821CA5294E00E0107B /* screen-iphone-landscape.png */,
				0DC43E831CA5294F00E0107B /* screen-iphone-portrait.png */,
				30B4F2FD19D5E07200D9F7D8 /* Default-667h.png */,
				30B4F2FE19D5E07200D9F7D8 /* Default-736h.png */,
				30B4F2FF19D5E07200D9F7D8 /* Default-Landscape-736h.png */,
				D4A0D8751607E02300AEF8BB /* Default-568h@2x~iphone.png */,
				3088BBB7154F3926009F9C59 /* Default-Landscape@2x~ipad.png */,
				3088BBB8154F3926009F9C59 /* Default-Landscape~ipad.png */,
				3088BBB9154F3926009F9C59 /* Default-Portrait@2x~ipad.png */,
				3088BBBA154F3926009F9C59 /* Default-Portrait~ipad.png */,
				3088BBBB154F3926009F9C59 /* Default@2x~iphone.png */,
				3088BBBC154F3926009F9C59 /* Default~iphone.png */,
			);
			path = splash;
			sourceTree = "<group>";
		};
		EB87FDF11871DA420020F90C /* Staging */ = {
			isa = PBXGroup;
			children = (
				F840E1F0165FE0F500CFE078 /* config.xml */,
				301BF56E109A69640062928A /* www */,
			);
			name = Staging;
			sourceTree = "<group>";
		};
/* End PBXGroup section */

/* Begin PBXNativeTarget section */
		1D6058900D05DD3D006BFB54 /* Sharood */ = {
			isa = PBXNativeTarget;
			buildConfigurationList = 1D6058960D05DD3E006BFB54 /* Build configuration list for PBXNativeTarget "Sharood" */;
			buildPhases = (
				304B58A110DAC018002A0835 /* Copy www directory */,
				1D60588D0D05DD3D006BFB54 /* Resources */,
				1D60588E0D05DD3D006BFB54 /* Sources */,
				1D60588F0D05DD3D006BFB54 /* Frameworks */,
			);
			buildRules = (
			);
			dependencies = (
				301BF551109A68C00062928A /* PBXTargetDependency */,
			);
			name = Sharood;
			productName = Sharood;
			productReference = 1D6058910D05DD3D006BFB54 /* Sharood.app */;
			productType = "com.apple.product-type.application";
		};
/* End PBXNativeTarget section */

/* Begin PBXProject section */
		29B97313FDCFA39411CA2CEA /* Project object */ = {
			isa = PBXProject;
			attributes = {
				LastUpgradeCheck = 510;
				TargetAttributes = {
					1D6058900D05DD3D006BFB54 = {
						DevelopmentTeam = NRH2Q7FR4S;
						SystemCapabilities = {
							com.apple.Push = {
								enabled = 1;
							};
						};
					};
				};
			};
			buildConfigurationList = C01FCF4E08A954540054247B /* Build configuration list for PBXProject "Sharood" */;
			compatibilityVersion = "Xcode 3.2";
			developmentRegion = English;
			hasScannedForEncodings = 1;
			knownRegions = (
				English,
				Japanese,
				French,
				German,
				en,
				es,
				de,
				se,
			);
			mainGroup = 29B97314FDCFA39411CA2CEA /* CustomTemplate */;
			projectDirPath = "";
			projectReferences = (
				{
					ProductGroup = 301BF52E109A57CC0062928A /* Products */;
					ProjectRef = 301BF52D109A57CC0062928A /* CordovaLib.xcodeproj */;
				},
			);
			projectRoot = "";
			targets = (
				1D6058900D05DD3D006BFB54 /* Sharood */,
			);
		};
/* End PBXProject section */

/* Begin PBXReferenceProxy section */
		301BF535109A57CC0062928A /* libCordova.a */ = {
			isa = PBXReferenceProxy;
			fileType = archive.ar;
			path = libCordova.a;
			remoteRef = 301BF534109A57CC0062928A /* PBXContainerItemProxy */;
			sourceTree = BUILT_PRODUCTS_DIR;
		};
/* End PBXReferenceProxy section */

/* Begin PBXResourcesBuildPhase section */
		1D60588D0D05DD3D006BFB54 /* Resources */ = {
			isa = PBXResourcesBuildPhase;
			buildActionMask = 2147483647;
			files = (
				7E7966E41810823500FA85AD /* icon-76.png in Resources */,
				7E7966DF1810823500FA85AD /* icon-40@2x.png in Resources */,
				308D05371370CCF300D202BF /* icon-72.png in Resources */,
				30B4F30119D5E07200D9F7D8 /* Default-736h.png in Resources */,
				308D05381370CCF300D202BF /* icon.png in Resources */,
				308D05391370CCF300D202BF /* icon@2x.png in Resources */,
				302D95F214D2391D003F00A1 /* MainViewController.xib in Resources */,
				7E7966E01810823500FA85AD /* icon-50.png in Resources */,
				7E7966E31810823500FA85AD /* icon-60@2x.png in Resources */,
				0DEE39BA1CA4A22300472ADA /* Images.xcassets in Resources */,
				7E7966E61810823500FA85AD /* icon-small.png in Resources */,
				3088BBBD154F3926009F9C59 /* Default-Landscape@2x~ipad.png in Resources */,
				3088BBBE154F3926009F9C59 /* Default-Landscape~ipad.png in Resources */,
				0DC43E841CA5294F00E0107B /* Default-568h.png in Resources */,
				3088BBBF154F3926009F9C59 /* Default-Portrait@2x~ipad.png in Resources */,
				7E7966E71810823500FA85AD /* icon-small@2x.png in Resources */,
				3088BBC0154F3926009F9C59 /* Default-Portrait~ipad.png in Resources */,
				30B4F30019D5E07200D9F7D8 /* Default-667h.png in Resources */,
				7E7966DE1810823500FA85AD /* icon-40.png in Resources */,
				3088BBC1154F3926009F9C59 /* Default@2x~iphone.png in Resources */,
				7E7966E21810823500FA85AD /* icon-60.png in Resources */,
				3088BBC2154F3926009F9C59 /* Default~iphone.png in Resources */,
				0DC43E851CA5294F00E0107B /* screen-iphone-landscape.png in Resources */,
				0DC43E7F1CA5293D00E0107B /* icon-120.png in Resources */,
				0DC43E861CA5294F00E0107B /* screen-iphone-portrait.png in Resources */,
				D4A0D8761607E02300AEF8BB /* Default-568h@2x~iphone.png in Resources */,
				30B4F30219D5E07200D9F7D8 /* Default-Landscape-736h.png in Resources */,
				30C1856619D5FC0A00212699 /* icon-60@3x.png in Resources */,
				7E7966E11810823500FA85AD /* icon-50@2x.png in Resources */,
				7E7966E51810823500FA85AD /* icon-76@2x.png in Resources */,
				30FC414916E50CA1004E6F35 /* icon-72@2x.png in Resources */,
				5A8F9D4AE3584E69BEDB8395 /* DatePicker.xib in Resources */,
				0DC43E801CA5293D00E0107B /* icon-152.png in Resources */,
			);
			runOnlyForDeploymentPostprocessing = 0;
		};
/* End PBXResourcesBuildPhase section */

/* Begin PBXShellScriptBuildPhase section */
		304B58A110DAC018002A0835 /* Copy www directory */ = {
			isa = PBXShellScriptBuildPhase;
			buildActionMask = 2147483647;
			files = (
			);
			inputPaths = (
			);
			name = "Copy www directory";
			outputPaths = (
			);
			runOnlyForDeploymentPostprocessing = 0;
			shellPath = /bin/sh;
			shellScript = "NODEJS_PATH=/usr/local/bin; NVM_NODE_PATH=~/.nvm/versions/node/`nvm version 2>/dev/null`/bin; N_NODE_PATH=`find /usr/local/n/versions/node/* -maxdepth 0 -type d 2>/dev/null | tail -1`/bin; XCODE_NODE_PATH=`xcode-select --print-path`/usr/share/xcs/Node/bin; PATH=$NODEJS_PATH:$NVM_NODE_PATH:$N_NODE_PATH:$XCODE_NODE_PATH:$PATH && node cordova/lib/copy-www-build-step.js";
			showEnvVarsInLog = 0;
		};
/* End PBXShellScriptBuildPhase section */

/* Begin PBXSourcesBuildPhase section */
		1D60588E0D05DD3D006BFB54 /* Sources */ = {
			isa = PBXSourcesBuildPhase;
			buildActionMask = 2147483647;
			files = (
				1D60589B0D05DD56006BFB54 /* main.m in Sources */,
				1D3623260D0F684500981E51 /* AppDelegate.m in Sources */,
				302D95F114D2391D003F00A1 /* MainViewController.m in Sources */,
				780CC0CF32014625A646B904 /* DatePicker.m in Sources */,
				318D77CC14C1487B8A7CB573 /* CDVDevice.m in Sources */,
				D478BB060BF84D16B24A82BE /* CDVConnection.m in Sources */,
				568F620F22B0467384132CCD /* CDVReachability.m in Sources */,
				92FEC792F212406BB9DA0CE5 /* APPEmailComposer.m in Sources */,
				3D1D98CC53FC488AB4000B03 /* UIImage+CropScaleOrientation.m in Sources */,
				4A6468F333B644619A90B9A5 /* CDVCamera.m in Sources */,
				D6281497B4F44621823ACB5D /* CDVJpegHeaderWriter.m in Sources */,
				C0A64F1161DB4AADA90FB234 /* AppDelegate+notification.m in Sources */,
				38CE6D1D5F52465BA702AA9D /* PushPlugin.m in Sources */,
				D5124F6979204C6193CD1094 /* AppDelegate+APPAppEvent.m in Sources */,
				555AE4BA40204A31A04FB726 /* CDVPlugin+APPAppEvent.m in Sources */,
				1492CBE152ED4AAEA9E372CB /* APPLocalNotification.m in Sources */,
				F70494631F5C4D8A9B0A38EF /* APPLocalNotificationOptions.m in Sources */,
				F045AAC822E94003AF2D5B28 /* UIApplication+APPLocalNotification.m in Sources */,
				FADEA36C87874AD6A306AF32 /* UILocalNotification+APPLocalNotification.m in Sources */,
			);
			runOnlyForDeploymentPostprocessing = 0;
		};
/* End PBXSourcesBuildPhase section */

/* Begin PBXTargetDependency section */
		301BF551109A68C00062928A /* PBXTargetDependency */ = {
			isa = PBXTargetDependency;
			name = CordovaLib;
			targetProxy = 301BF550109A68C00062928A /* PBXContainerItemProxy */;
		};
/* End PBXTargetDependency section */

/* Begin XCBuildConfiguration section */
		1D6058940D05DD3E006BFB54 /* Debug */ = {
			isa = XCBuildConfiguration;
			buildSettings = {
				ALWAYS_SEARCH_USER_PATHS = NO;
				ASSETCATALOG_COMPILER_APPICON_NAME = AppIcon;
				ASSETCATALOG_COMPILER_LAUNCHIMAGE_NAME = "Brand Assets";
				CLANG_ENABLE_OBJC_ARC = YES;
				CODE_SIGN_IDENTITY = "iPhone Developer";
				"CODE_SIGN_IDENTITY[sdk=iphoneos*]" = "iPhone Developer";
				COPY_PHASE_STRIP = NO;
				ENABLE_BITCODE = NO;
				GCC_DYNAMIC_NO_PIC = NO;
				GCC_OPTIMIZATION_LEVEL = 0;
				GCC_PRECOMPILE_PREFIX_HEADER = YES;
				GCC_PREFIX_HEADER = "Sharood/Sharood-Prefix.pch";
				GCC_THUMB_SUPPORT = NO;
				GCC_VERSION = "";
				INFOPLIST_FILE = "Sharood/Sharood-Info.plist";
				IPHONEOS_DEPLOYMENT_TARGET = 8.0;
				LIBRARY_SEARCH_PATHS = (
					"$(inherited)",
					"\"$(SRCROOT)/Sharood/Plugins/phonegap-plugin-push/GCM/Libraries\"",
					"\"$(SRCROOT)/Sharood/Plugins/phonegap-plugin-push/GCM/Libraries\"",
					"\"$(SRCROOT)/Sharood/Plugins/phonegap-plugin-push/GCM/Libraries\"",
					"\"$(SRCROOT)/Sharood/Plugins/phonegap-plugin-push/GCM/Libraries\"",
					"\"$(SRCROOT)/Sharood/Plugins/phonegap-plugin-push/GCM/Libraries\"",
					"\"$(SRCROOT)/Sharood/Plugins/phonegap-plugin-push/GCM/Libraries\"",
					"\"$(SRCROOT)/Sharood/Plugins/phonegap-plugin-push/GCM/Libraries\"",
					"\"$(SRCROOT)/Sharood/Plugins/phonegap-plugin-push/GCM/Libraries\"",
					"\"$(SRCROOT)/Sharood/Plugins/phonegap-plugin-push/GCM/Libraries\"",
					"\"$(SRCROOT)/Sharood/Plugins/phonegap-plugin-push/GCM/Libraries\"",
					"\"$(SRCROOT)/Sharood/Plugins/phonegap-plugin-push/GCM/Libraries\"",
					"\"$(SRCROOT)/Sharood/Plugins/phonegap-plugin-push/GCM/Libraries\"",
					"\"$(SRCROOT)/Sharood/Plugins/phonegap-plugin-push/GCM/Libraries\"",
					"\"$(SRCROOT)/Sharood/Plugins/phonegap-plugin-push/GCM/Libraries\"",
					"\"$(SRCROOT)/Sharood/Plugins/phonegap-plugin-push/GCM/Libraries\"",
					"\"$(SRCROOT)/Sharood/Plugins/phonegap-plugin-push/GCM/Libraries\"",
					"\"$(SRCROOT)/Sharood/Plugins/phonegap-plugin-push/GCM/Libraries\"",
					"\"$(SRCROOT)/Sharood/Plugins/phonegap-plugin-push/GCM/Libraries\"",
					"\"$(SRCROOT)/Sharood/Plugins/phonegap-plugin-push/GCM/Libraries\"",
					"\"$(SRCROOT)/Sharood/Plugins/phonegap-plugin-push/GCM/Libraries\"",
					"\"$(SRCROOT)/Sharood/Plugins/phonegap-plugin-push/GCM/Libraries\"",
					"\"$(SRCROOT)/Sharood/Plugins/phonegap-plugin-push/GCM/Libraries\"",
					"\"$(SRCROOT)/Sharood/Plugins/phonegap-plugin-push/GCM/Libraries\"",
					"\"$(SRCROOT)/Sharood/Plugins/phonegap-plugin-push/GCM/Libraries\"",
					"\"$(SRCROOT)/Sharood/Plugins/phonegap-plugin-push/GCM/Libraries\"",
					"\"$(SRCROOT)/Sharood/Plugins/phonegap-plugin-push/GCM/Libraries\"",
				);
				OTHER_LDFLAGS = (
					"-weak_framework",
					CoreFoundation,
					"-weak_framework",
					UIKit,
					"-weak_framework",
					AVFoundation,
					"-weak_framework",
					CoreMedia,
					"-weak-lSystem",
					"-ObjC",
				);
				PRODUCT_NAME = Sharood;
				PROVISIONING_PROFILE = "";
				TARGETED_DEVICE_FAMILY = "1,2";
			};
			name = Debug;
		};
		1D6058950D05DD3E006BFB54 /* Release */ = {
			isa = XCBuildConfiguration;
			buildSettings = {
				ALWAYS_SEARCH_USER_PATHS = NO;
				ASSETCATALOG_COMPILER_APPICON_NAME = AppIcon;
				ASSETCATALOG_COMPILER_LAUNCHIMAGE_NAME = "Brand Assets";
				CLANG_ENABLE_OBJC_ARC = YES;
				CODE_SIGN_IDENTITY = "iPhone Developer";
				"CODE_SIGN_IDENTITY[sdk=iphoneos*]" = "iPhone Distribution: Axel Meta (NRH2Q7FR4S)";
				COPY_PHASE_STRIP = YES;
				ENABLE_BITCODE = NO;
				GCC_PRECOMPILE_PREFIX_HEADER = YES;
				GCC_PREFIX_HEADER = "Sharood/Sharood-Prefix.pch";
				GCC_THUMB_SUPPORT = NO;
				GCC_VERSION = "";
				INFOPLIST_FILE = "Sharood/Sharood-Info.plist";
				IPHONEOS_DEPLOYMENT_TARGET = 8.0;
				LIBRARY_SEARCH_PATHS = (
					"$(inherited)",
					"\"$(SRCROOT)/Sharood/Plugins/phonegap-plugin-push/GCM/Libraries\"",
					"\"$(SRCROOT)/Sharood/Plugins/phonegap-plugin-push/GCM/Libraries\"",
					"\"$(SRCROOT)/Sharood/Plugins/phonegap-plugin-push/GCM/Libraries\"",
					"\"$(SRCROOT)/Sharood/Plugins/phonegap-plugin-push/GCM/Libraries\"",
					"\"$(SRCROOT)/Sharood/Plugins/phonegap-plugin-push/GCM/Libraries\"",
					"\"$(SRCROOT)/Sharood/Plugins/phonegap-plugin-push/GCM/Libraries\"",
					"\"$(SRCROOT)/Sharood/Plugins/phonegap-plugin-push/GCM/Libraries\"",
					"\"$(SRCROOT)/Sharood/Plugins/phonegap-plugin-push/GCM/Libraries\"",
					"\"$(SRCROOT)/Sharood/Plugins/phonegap-plugin-push/GCM/Libraries\"",
					"\"$(SRCROOT)/Sharood/Plugins/phonegap-plugin-push/GCM/Libraries\"",
					"\"$(SRCROOT)/Sharood/Plugins/phonegap-plugin-push/GCM/Libraries\"",
					"\"$(SRCROOT)/Sharood/Plugins/phonegap-plugin-push/GCM/Libraries\"",
					"\"$(SRCROOT)/Sharood/Plugins/phonegap-plugin-push/GCM/Libraries\"",
					"\"$(SRCROOT)/Sharood/Plugins/phonegap-plugin-push/GCM/Libraries\"",
					"\"$(SRCROOT)/Sharood/Plugins/phonegap-plugin-push/GCM/Libraries\"",
					"\"$(SRCROOT)/Sharood/Plugins/phonegap-plugin-push/GCM/Libraries\"",
					"\"$(SRCROOT)/Sharood/Plugins/phonegap-plugin-push/GCM/Libraries\"",
					"\"$(SRCROOT)/Sharood/Plugins/phonegap-plugin-push/GCM/Libraries\"",
					"\"$(SRCROOT)/Sharood/Plugins/phonegap-plugin-push/GCM/Libraries\"",
					"\"$(SRCROOT)/Sharood/Plugins/phonegap-plugin-push/GCM/Libraries\"",
					"\"$(SRCROOT)/Sharood/Plugins/phonegap-plugin-push/GCM/Libraries\"",
					"\"$(SRCROOT)/Sharood/Plugins/phonegap-plugin-push/GCM/Libraries\"",
					"\"$(SRCROOT)/Sharood/Plugins/phonegap-plugin-push/GCM/Libraries\"",
					"\"$(SRCROOT)/Sharood/Plugins/phonegap-plugin-push/GCM/Libraries\"",
					"\"$(SRCROOT)/Sharood/Plugins/phonegap-plugin-push/GCM/Libraries\"",
					"\"$(SRCROOT)/Sharood/Plugins/phonegap-plugin-push/GCM/Libraries\"",
				);
				OTHER_LDFLAGS = (
					"-weak_framework",
					CoreFoundation,
					"-weak_framework",
					UIKit,
					"-weak_framework",
					AVFoundation,
					"-weak_framework",
					CoreMedia,
					"-weak-lSystem",
					"-ObjC",
				);
				PRODUCT_NAME = Sharood;
				PROVISIONING_PROFILE = "";
				TARGETED_DEVICE_FAMILY = "1,2";
			};
			name = Release;
		};
		C01FCF4F08A954540054247B /* Debug */ = {
			isa = XCBuildConfiguration;
			buildSettings = {
				CLANG_ENABLE_OBJC_ARC = YES;
				CLANG_WARN_BOOL_CONVERSION = YES;
				CLANG_WARN_CONSTANT_CONVERSION = YES;
				CLANG_WARN_EMPTY_BODY = YES;
				CLANG_WARN_ENUM_CONVERSION = YES;
				CLANG_WARN_INT_CONVERSION = YES;
				CLANG_WARN__DUPLICATE_METHOD_MATCH = YES;
				"CODE_SIGN_IDENTITY[sdk=iphoneos*]" = "iPhone Distribution: Axel Meta (NRH2Q7FR4S)";
				DEBUG_INFORMATION_FORMAT = dwarf;
				ENABLE_ON_DEMAND_RESOURCES = YES;
				GCC_C_LANGUAGE_STANDARD = c99;
				GCC_THUMB_SUPPORT = NO;
				GCC_VERSION = "";
				GCC_WARN_ABOUT_RETURN_TYPE = YES;
				GCC_WARN_UNDECLARED_SELECTOR = YES;
				GCC_WARN_UNINITIALIZED_AUTOS = YES;
				GCC_WARN_UNUSED_FUNCTION = YES;
				GCC_WARN_UNUSED_VARIABLE = YES;
				HEADER_SEARCH_PATHS = (
					"\"$(TARGET_BUILD_DIR)/usr/local/lib/include\"",
					"\"$(OBJROOT)/UninstalledProducts/include\"",
					"\"$(BUILT_PRODUCTS_DIR)\"",
				);
				IPHONEOS_DEPLOYMENT_TARGET = 8.0;
				ONLY_ACTIVE_ARCH = NO;
				OTHER_LDFLAGS = (
					"-weak_framework",
					CoreFoundation,
					"-weak_framework",
					UIKit,
					"-weak_framework",
					AVFoundation,
					"-weak_framework",
					CoreMedia,
					"-weak-lSystem",
					"-ObjC",
				);
				PROVISIONING_PROFILE = "a7bea7bf-c016-4d9b-8e9f-bc0dec4f9cf8";
				SDKROOT = iphoneos;
				SKIP_INSTALL = NO;
				USER_HEADER_SEARCH_PATHS = "";
			};
			name = Debug;
		};
		C01FCF5008A954540054247B /* Release */ = {
			isa = XCBuildConfiguration;
			buildSettings = {
				CLANG_ENABLE_OBJC_ARC = YES;
				CLANG_WARN_BOOL_CONVERSION = YES;
				CLANG_WARN_CONSTANT_CONVERSION = YES;
				CLANG_WARN_EMPTY_BODY = YES;
				CLANG_WARN_ENUM_CONVERSION = YES;
				CLANG_WARN_INT_CONVERSION = YES;
				CLANG_WARN__DUPLICATE_METHOD_MATCH = YES;
				"CODE_SIGN_IDENTITY[sdk=iphoneos*]" = "iPhone Distribution: Axel Meta (NRH2Q7FR4S)";
				DEBUG_INFORMATION_FORMAT = dwarf;
				ENABLE_ON_DEMAND_RESOURCES = YES;
				GCC_C_LANGUAGE_STANDARD = c99;
				GCC_THUMB_SUPPORT = NO;
				GCC_VERSION = "";
				GCC_WARN_ABOUT_RETURN_TYPE = YES;
				GCC_WARN_UNDECLARED_SELECTOR = YES;
				GCC_WARN_UNINITIALIZED_AUTOS = YES;
				GCC_WARN_UNUSED_FUNCTION = YES;
				GCC_WARN_UNUSED_VARIABLE = YES;
				HEADER_SEARCH_PATHS = (
					"\"$(TARGET_BUILD_DIR)/usr/local/lib/include\"",
					"\"$(OBJROOT)/UninstalledProducts/include\"",
					"\"$(BUILT_PRODUCTS_DIR)\"",
					"\"$(OBJROOT)/UninstalledProducts/$(PLATFORM_NAME)/include\"",
				);
				IPHONEOS_DEPLOYMENT_TARGET = 8.0;
				ONLY_ACTIVE_ARCH = YES;
				OTHER_LDFLAGS = (
					"-weak_framework",
					CoreFoundation,
					"-weak_framework",
					UIKit,
					"-weak_framework",
					AVFoundation,
					"-weak_framework",
					CoreMedia,
					"-weak-lSystem",
					"-ObjC",
				);
				PROVISIONING_PROFILE = "a7bea7bf-c016-4d9b-8e9f-bc0dec4f9cf8";
				SDKROOT = iphoneos;
				SKIP_INSTALL = NO;
				USER_HEADER_SEARCH_PATHS = "";
			};
			name = Release;
		};
/* End XCBuildConfiguration section */

/* Begin XCConfigurationList section */
		1D6058960D05DD3E006BFB54 /* Build configuration list for PBXNativeTarget "Sharood" */ = {
			isa = XCConfigurationList;
			buildConfigurations = (
				1D6058940D05DD3E006BFB54 /* Debug */,
				1D6058950D05DD3E006BFB54 /* Release */,
			);
			defaultConfigurationIsVisible = 0;
			defaultConfigurationName = Release;
		};
		C01FCF4E08A954540054247B /* Build configuration list for PBXProject "Sharood" */ = {
			isa = XCConfigurationList;
			buildConfigurations = (
				C01FCF4F08A954540054247B /* Debug */,
				C01FCF5008A954540054247B /* Release */,
			);
			defaultConfigurationIsVisible = 0;
			defaultConfigurationName = Release;
		};
/* End XCConfigurationList section */
	};
	rootObject = 29B97313FDCFA39411CA2CEA /* Project object */;
}
