// !$*UTF8*$!
{
	archiveVersion = 1;
	classes = {
	};
	objectVersion = 46;
	objects = {
/* Begin PBXBuildFile section */
		1D3623260D0F684500981E51 /* AppDelegate.m in Sources */ = {isa = PBXBuildFile; fileRef = 1D3623250D0F684500981E51 /* AppDelegate.m */; };
		1D60589B0D05DD56006BFB54 /* main.m in Sources */ = {isa = PBXBuildFile; fileRef = 29B97316FDCFA39411CA2CEA /* main.m */; };
		288765FD0DF74451002DB57D /* CoreGraphics.framework in Frameworks */ = {isa = PBXBuildFile; fileRef = 288765FC0DF74451002DB57D /* CoreGraphics.framework */; };
		301BF552109A68D80062928A /* libCordova.a in Frameworks */ = {isa = PBXBuildFile; fileRef = 301BF535109A57CC0062928A /* libCordova.a */; };
		302D95F114D2391D003F00A1 /* MainViewController.m in Sources */ = {isa = PBXBuildFile; fileRef = 302D95EF14D2391D003F00A1 /* MainViewController.m */; };
		302D95F214D2391D003F00A1 /* MainViewController.xib in Resources */ = {isa = PBXBuildFile; fileRef = 302D95F014D2391D003F00A1 /* MainViewController.xib */; };
		305D5FD1115AB8F900A74A75 /* MobileCoreServices.framework in Frameworks */ = {isa = PBXBuildFile; fileRef = 305D5FD0115AB8F900A74A75 /* MobileCoreServices.framework */; };
		3088BBBD154F3926009F9C59 /* Default-Landscape@2x~ipad.png in Resources */ = {isa = PBXBuildFile; fileRef = 3088BBB7154F3926009F9C59 /* Default-Landscape@2x~ipad.png */; };
		3088BBBE154F3926009F9C59 /* Default-Landscape~ipad.png in Resources */ = {isa = PBXBuildFile; fileRef = 3088BBB8154F3926009F9C59 /* Default-Landscape~ipad.png */; };
		3088BBBF154F3926009F9C59 /* Default-Portrait@2x~ipad.png in Resources */ = {isa = PBXBuildFile; fileRef = 3088BBB9154F3926009F9C59 /* Default-Portrait@2x~ipad.png */; };
		3088BBC0154F3926009F9C59 /* Default-Portrait~ipad.png in Resources */ = {isa = PBXBuildFile; fileRef = 3088BBBA154F3926009F9C59 /* Default-Portrait~ipad.png */; };
		3088BBC1154F3926009F9C59 /* Default@2x~iphone.png in Resources */ = {isa = PBXBuildFile; fileRef = 3088BBBB154F3926009F9C59 /* Default@2x~iphone.png */; };
		3088BBC2154F3926009F9C59 /* Default~iphone.png in Resources */ = {isa = PBXBuildFile; fileRef = 3088BBBC154F3926009F9C59 /* Default~iphone.png */; };
		308D05371370CCF300D202BF /* icon-72.png in Resources */ = {isa = PBXBuildFile; fileRef = 308D052E1370CCF300D202BF /* icon-72.png */; };
		308D05381370CCF300D202BF /* icon.png in Resources */ = {isa = PBXBuildFile; fileRef = 308D052F1370CCF300D202BF /* icon.png */; };
		308D05391370CCF300D202BF /* icon@2x.png in Resources */ = {isa = PBXBuildFile; fileRef = 308D05301370CCF300D202BF /* icon@2x.png */; };
		30B4F30019D5E07200D9F7D8 /* Default-667h.png in Resources */ = {isa = PBXBuildFile; fileRef = 30B4F2FD19D5E07200D9F7D8 /* Default-667h.png */; };
		30B4F30119D5E07200D9F7D8 /* Default-736h.png in Resources */ = {isa = PBXBuildFile; fileRef = 30B4F2FE19D5E07200D9F7D8 /* Default-736h.png */; };
		30B4F30219D5E07200D9F7D8 /* Default-Landscape-736h.png in Resources */ = {isa = PBXBuildFile; fileRef = 30B4F2FF19D5E07200D9F7D8 /* Default-Landscape-736h.png */; };
		30C1856619D5FC0A00212699 /* icon-60@3x.png in Resources */ = {isa = PBXBuildFile; fileRef = 30C1856519D5FC0A00212699 /* icon-60@3x.png */; };
		30FC414916E50CA1004E6F35 /* icon-72@2x.png in Resources */ = {isa = PBXBuildFile; fileRef = 30FC414816E50CA1004E6F35 /* icon-72@2x.png */; };
		5B1594DD16A7569C00FEF299 /* AssetsLibrary.framework in Frameworks */ = {isa = PBXBuildFile; fileRef = 5B1594DC16A7569C00FEF299 /* AssetsLibrary.framework */; };
		7E7966DE1810823500FA85AD /* icon-40.png in Resources */ = {isa = PBXBuildFile; fileRef = 7E7966D41810823500FA85AD /* icon-40.png */; };
		7E7966DF1810823500FA85AD /* icon-40@2x.png in Resources */ = {isa = PBXBuildFile; fileRef = 7E7966D51810823500FA85AD /* icon-40@2x.png */; };
		7E7966E01810823500FA85AD /* icon-50.png in Resources */ = {isa = PBXBuildFile; fileRef = 7E7966D61810823500FA85AD /* icon-50.png */; };
		7E7966E11810823500FA85AD /* icon-50@2x.png in Resources */ = {isa = PBXBuildFile; fileRef = 7E7966D71810823500FA85AD /* icon-50@2x.png */; };
		7E7966E21810823500FA85AD /* icon-60.png in Resources */ = {isa = PBXBuildFile; fileRef = 7E7966D81810823500FA85AD /* icon-60.png */; };
		7E7966E31810823500FA85AD /* icon-60@2x.png in Resources */ = {isa = PBXBuildFile; fileRef = 7E7966D91810823500FA85AD /* icon-60@2x.png */; };
		7E7966E41810823500FA85AD /* icon-76.png in Resources */ = {isa = PBXBuildFile; fileRef = 7E7966DA1810823500FA85AD /* icon-76.png */; };
		7E7966E51810823500FA85AD /* icon-76@2x.png in Resources */ = {isa = PBXBuildFile; fileRef = 7E7966DB1810823500FA85AD /* icon-76@2x.png */; };
		7E7966E61810823500FA85AD /* icon-small.png in Resources */ = {isa = PBXBuildFile; fileRef = 7E7966DC1810823500FA85AD /* icon-small.png */; };
		7E7966E71810823500FA85AD /* icon-small@2x.png in Resources */ = {isa = PBXBuildFile; fileRef = 7E7966DD1810823500FA85AD /* icon-small@2x.png */; };
		D4A0D8761607E02300AEF8BB /* Default-568h@2x~iphone.png in Resources */ = {isa = PBXBuildFile; fileRef = D4A0D8751607E02300AEF8BB /* Default-568h@2x~iphone.png */; };
		885AB957317C47629427939D /* DatePicker.m in Sources */ = {isa = PBXBuildFile; fileRef = 27D0F2381E1D45F39BFA9EF4 /* DatePicker.m */; };
		AA0438FEEF074BA7AA3BFAEF /* DatePicker.xib in Resources */ = {isa = PBXBuildFile; fileRef = 53F8AB30E68146F387667F4D /* DatePicker.xib */; };
		11ADC70A489F450E94CCBE47 /* CDVDevice.m in Sources */ = {isa = PBXBuildFile; fileRef = A3CDC6486E264F719E9FE43F /* CDVDevice.m */; };
		AB91FCA77D1E47FEBE507F39 /* CDVConnection.m in Sources */ = {isa = PBXBuildFile; fileRef = 655E58462ABF492CAB7F95B7 /* CDVConnection.m */; };
		9F141456CD5141BCB7735F94 /* CDVReachability.m in Sources */ = {isa = PBXBuildFile; fileRef = 9752C10796E84B33A8B21D61 /* CDVReachability.m */; };
		17DF96371CFF4A10859B4BBF /* SystemConfiguration.framework in Frameworks */ = {isa = PBXBuildFile; fileRef = 100DD2D0042642FE9D92A110 /* SystemConfiguration.framework */; settings = {ATTRIBUTES = (Weak, ); }; };
		53FF89C17C4C4A559FC21D24 /* CoreTelephony.framework in Frameworks */ = {isa = PBXBuildFile; fileRef = 5A730C6C39364565B8A2C189 /* CoreTelephony.framework */; };
		FD0F1EF34D1E4407BF202EE2 /* APPEmailComposer.m in Sources */ = {isa = PBXBuildFile; fileRef = B3079CBC27084E82A25B052F /* APPEmailComposer.m */; };
		AB8BAAF1B93B4EF6AB7A1B0D /* MessageUI.framework in Frameworks */ = {isa = PBXBuildFile; fileRef = 91AD5E62D2AE42AC82E6DD87 /* MessageUI.framework */; settings = {ATTRIBUTES = (Weak, ); }; };
		30C110CE2D6A43F4BE370823 /* UIImage+CropScaleOrientation.m in Sources */ = {isa = PBXBuildFile; fileRef = B8E9D77F40E5481FAB46F2D0 /* UIImage+CropScaleOrientation.m */; };
		2634EC936EA3492CBB580107 /* CDVCamera.m in Sources */ = {isa = PBXBuildFile; fileRef = 957A849A1AED4860A17D5C37 /* CDVCamera.m */; };
		3B00DD435BE64FE5B3B4D504 /* CDVJpegHeaderWriter.m in Sources */ = {isa = PBXBuildFile; fileRef = A3FE1EAA385441AB998510EB /* CDVJpegHeaderWriter.m */; };
		18ABE0A50F084B589FF9FDDA /* ImageIO.framework in Frameworks */ = {isa = PBXBuildFile; fileRef = 509A72EC8C6E445C95209FBE /* ImageIO.framework */; settings = {ATTRIBUTES = (Weak, ); }; };
		AD26FF081804401D86C93703 /* CoreLocation.framework in Frameworks */ = {isa = PBXBuildFile; fileRef = A2AF58273D82440097DBC319 /* CoreLocation.framework */; };
		0839753F7C9245389FE9FFBC /* AppDelegate+notification.m in Sources */ = {isa = PBXBuildFile; fileRef = 1BF53A8A076243EAB1A42552 /* AppDelegate+notification.m */; };
		FA44D1914AED4D1E975B3781 /* PushPlugin.m in Sources */ = {isa = PBXBuildFile; fileRef = C291DDA6FBEE45F7B48EB87F /* PushPlugin.m */; };
		BAE457F2DE6A46749AC1081A /* libGGLCloudMessaging.a in Frameworks */ = {isa = PBXBuildFile; fileRef = 2F4207B75ED1463F9EA5F490 /* libGGLCloudMessaging.a */; };
		32011CEFF8294CB88AD28515 /* libGGLCore.a in Frameworks */ = {isa = PBXBuildFile; fileRef = 0D6517AF755F410299A0D595 /* libGGLCore.a */; };
		AD0B0A4EB4174552803C0928 /* libGGLInstanceIDLib.a in Frameworks */ = {isa = PBXBuildFile; fileRef = 8A86219DBBAB43939D7DDF21 /* libGGLInstanceIDLib.a */; };
		2F13739C1F2B47B5A182A4EF /* libGIP_Reachability.a in Frameworks */ = {isa = PBXBuildFile; fileRef = 8D9DF33377C14F698263BC80 /* libGIP_Reachability.a */; };
		00FEF641C0514E1BA6ED3339 /* libGSDK_Overload.a in Frameworks */ = {isa = PBXBuildFile; fileRef = FD848E0975E347C79DF76D1C /* libGSDK_Overload.a */; };
		9084F19AC5F94618A1C4ED7D /* libGTMSessionFetcher_core.a in Frameworks */ = {isa = PBXBuildFile; fileRef = E1D77524404146C89624745C /* libGTMSessionFetcher_core.a */; };
		87570B52ACB4435AA2B7248C /* libGTMSessionFetcher_full.a in Frameworks */ = {isa = PBXBuildFile; fileRef = 5E865C7118F04A25A97C1547 /* libGTMSessionFetcher_full.a */; };
		75BA035DF84644EBB0E6B084 /* libGTMStackTrace.a in Frameworks */ = {isa = PBXBuildFile; fileRef = CD66F58A34204CE697BA73E1 /* libGTMStackTrace.a */; };
		B1F0D03F48C345419985FA63 /* libGTM_AddressBook.a in Frameworks */ = {isa = PBXBuildFile; fileRef = D4D98D1F26EC41D9A99FE319 /* libGTM_AddressBook.a */; };
		3711645B99584C5ABCE18A1C /* libGTM_DebugUtils.a in Frameworks */ = {isa = PBXBuildFile; fileRef = 0954D1A3753448D6A4868816 /* libGTM_DebugUtils.a */; };
		4FB401796E5D4330B2F423DE /* libGTM_GTMURLBuilder.a in Frameworks */ = {isa = PBXBuildFile; fileRef = 608D6FB772F442D191347620 /* libGTM_GTMURLBuilder.a */; };
		C22B6599504D4CA6B0BB7476 /* libGTM_KVO.a in Frameworks */ = {isa = PBXBuildFile; fileRef = 59941367B2AB429C9F2FB00C /* libGTM_KVO.a */; };
		DA002647C9B643CEA6113E65 /* libGTM_NSData+zlib.a in Frameworks */ = {isa = PBXBuildFile; fileRef = 129FA0A8238F461F82E88F25 /* libGTM_NSData+zlib.a */; };
		CFAA1DEBCF17410F8B7EC44A /* libGTM_NSDictionary+URLArguments.a in Frameworks */ = {isa = PBXBuildFile; fileRef = DFAF5B32BEBD4E6BB51DF59D /* libGTM_NSDictionary+URLArguments.a */; };
		6355C28EA3E743E29DAA626F /* libGTM_NSScannerJSON.a in Frameworks */ = {isa = PBXBuildFile; fileRef = C50AFF924D354BC889D59147 /* libGTM_NSScannerJSON.a */; };
		1E4E38FE2F314CBDA12F75AC /* libGTM_NSStringHTML.a in Frameworks */ = {isa = PBXBuildFile; fileRef = B07EFD3EBD534160BB1B9301 /* libGTM_NSStringHTML.a */; };
		7B52F55E32514F17AE43E63A /* libGTM_NSStringXML.a in Frameworks */ = {isa = PBXBuildFile; fileRef = 10AE7B34AF244648AD678B06 /* libGTM_NSStringXML.a */; };
		2A3B1F5D25C243D08441686F /* libGTM_Regex.a in Frameworks */ = {isa = PBXBuildFile; fileRef = 0DB38BE6D43149CE9E491EBD /* libGTM_Regex.a */; };
		DE2486F07D7B4716A5559148 /* libGTM_RoundedRectPath.a in Frameworks */ = {isa = PBXBuildFile; fileRef = A28BE7020BFD41658C682EE5 /* libGTM_RoundedRectPath.a */; };
		D6CE5F9484E548A280FD588F /* libGTM_StringEncoding.a in Frameworks */ = {isa = PBXBuildFile; fileRef = 036984020EC24A85B3D9CC44 /* libGTM_StringEncoding.a */; };
		DEA66859123241789EAEFC36 /* libGTM_SystemVersion.a in Frameworks */ = {isa = PBXBuildFile; fileRef = FA2F4C7C98694D638DA08A61 /* libGTM_SystemVersion.a */; };
		AF610A5333184D7FB77B4107 /* libGTM_UIFont+LineHeight.a in Frameworks */ = {isa = PBXBuildFile; fileRef = 2CB72CCF7F0F4DF49CA8BDE0 /* libGTM_UIFont+LineHeight.a */; };
		8B313899805342948ACCA8BD /* libGTM_core.a in Frameworks */ = {isa = PBXBuildFile; fileRef = D823157FF2DB46E8BFD894DA /* libGTM_core.a */; };
		7DC58FCE88AA4DE2889F311A /* libGTM_iPhone.a in Frameworks */ = {isa = PBXBuildFile; fileRef = 99EF567A9DF8415AA8ABA3CB /* libGTM_iPhone.a */; };
		106CD47A1630468799A4B1B2 /* libGcmLib.a in Frameworks */ = {isa = PBXBuildFile; fileRef = 2899AAFA083340F38B43C80B /* libGcmLib.a */; };
		8259CCA929C342ECBC3BB852 /* libProtocolBuffers.a in Frameworks */ = {isa = PBXBuildFile; fileRef = D3D59DFE114F4BC19D0748F2 /* libProtocolBuffers.a */; };
		F0D102B89AB04E6591C397D0 /* AddressBook.framework in Frameworks */ = {isa = PBXBuildFile; fileRef = A45455091FFA496F81075503 /* AddressBook.framework */; };
		AD135CF6CCF942A6BBB87180 /* libsqlite3.tbd in Resources */ = {isa = PBXBuildFile; fileRef = A87429EFE43647CCB9BCD86A /* libsqlite3.tbd */; };
		69E1DE45B8AB4421A15F6DFF /* libz.tbd in Resources */ = {isa = PBXBuildFile; fileRef = E6770FED1A984ED7819D6DC3 /* libz.tbd */; };
/* End PBXBuildFile section */

/* Begin PBXContainerItemProxy section */
		301BF534109A57CC0062928A /* PBXContainerItemProxy */ = {
			isa = PBXContainerItemProxy;
			containerPortal = 301BF52D109A57CC0062928A /* CordovaLib.xcodeproj */;
			proxyType = 2;
			remoteGlobalIDString = D2AAC07E0554694100DB518D;
			remoteInfo = CordovaLib;
		};
		301BF550109A68C00062928A /* PBXContainerItemProxy */ = {
			isa = PBXContainerItemProxy;
			containerPortal = 301BF52D109A57CC0062928A /* CordovaLib.xcodeproj */;
			proxyType = 1;
			remoteGlobalIDString = D2AAC07D0554694100DB518D;
			remoteInfo = CordovaLib;
		};
/* End PBXContainerItemProxy section */

/* Begin PBXFileReference section */
		1D3623240D0F684500981E51 /* AppDelegate.h */ = {isa = PBXFileReference; fileEncoding = 4; lastKnownFileType = sourcecode.c.h; path = AppDelegate.h; sourceTree = "<group>"; };
		1D3623250D0F684500981E51 /* AppDelegate.m */ = {isa = PBXFileReference; fileEncoding = 4; lastKnownFileType = sourcecode.c.objc; path = AppDelegate.m; sourceTree = "<group>"; };
		1D6058910D05DD3D006BFB54 /* Sharood.app */ = {isa = PBXFileReference; explicitFileType = wrapper.application; includeInIndex = 0; path = "Sharood.app"; sourceTree = BUILT_PRODUCTS_DIR; };
		1F766FDD13BBADB100FB74C0 /* en */ = {isa = PBXFileReference; lastKnownFileType = text.plist.strings; name = en; path = Localizable.strings; sourceTree = "<group>"; };
		1F766FE013BBADB100FB74C0 /* es */ = {isa = PBXFileReference; lastKnownFileType = text.plist.strings; name = es; path = Localizable.strings; sourceTree = "<group>"; };
		288765FC0DF74451002DB57D /* CoreGraphics.framework */ = {isa = PBXFileReference; lastKnownFileType = wrapper.framework; name = CoreGraphics.framework; path = System/Library/Frameworks/CoreGraphics.framework; sourceTree = SDKROOT; };
		29B97316FDCFA39411CA2CEA /* main.m */ = {isa = PBXFileReference; fileEncoding = 4; lastKnownFileType = sourcecode.c.objc; path = main.m; sourceTree = "<group>"; };
		301BF52D109A57CC0062928A /* CordovaLib.xcodeproj */ = {isa = PBXFileReference; lastKnownFileType = "wrapper.pb-project"; name = CordovaLib.xcodeproj; path = CordovaLib/CordovaLib.xcodeproj; sourceTree = "<group>"; };
		301BF56E109A69640062928A /* www */ = {isa = PBXFileReference; lastKnownFileType = folder; path = www; sourceTree = SOURCE_ROOT; };
		302D95EE14D2391D003F00A1 /* MainViewController.h */ = {isa = PBXFileReference; fileEncoding = 4; lastKnownFileType = sourcecode.c.h; path = MainViewController.h; sourceTree = "<group>"; };
		302D95EF14D2391D003F00A1 /* MainViewController.m */ = {isa = PBXFileReference; fileEncoding = 4; lastKnownFileType = sourcecode.c.objc; path = MainViewController.m; sourceTree = "<group>"; };
		302D95F014D2391D003F00A1 /* MainViewController.xib */ = {isa = PBXFileReference; fileEncoding = 4; lastKnownFileType = file.xib; path = MainViewController.xib; sourceTree = "<group>"; };
		305D5FD0115AB8F900A74A75 /* MobileCoreServices.framework */ = {isa = PBXFileReference; lastKnownFileType = wrapper.framework; name = MobileCoreServices.framework; path = System/Library/Frameworks/MobileCoreServices.framework; sourceTree = SDKROOT; };
		3088BBB7154F3926009F9C59 /* Default-Landscape@2x~ipad.png */ = {isa = PBXFileReference; lastKnownFileType = image.png; path = "Default-Landscape@2x~ipad.png"; sourceTree = "<group>"; };
		3088BBB8154F3926009F9C59 /* Default-Landscape~ipad.png */ = {isa = PBXFileReference; lastKnownFileType = image.png; path = "Default-Landscape~ipad.png"; sourceTree = "<group>"; };
		3088BBB9154F3926009F9C59 /* Default-Portrait@2x~ipad.png */ = {isa = PBXFileReference; lastKnownFileType = image.png; path = "Default-Portrait@2x~ipad.png"; sourceTree = "<group>"; };
		3088BBBA154F3926009F9C59 /* Default-Portrait~ipad.png */ = {isa = PBXFileReference; lastKnownFileType = image.png; path = "Default-Portrait~ipad.png"; sourceTree = "<group>"; };
		3088BBBB154F3926009F9C59 /* Default@2x~iphone.png */ = {isa = PBXFileReference; lastKnownFileType = image.png; path = "Default@2x~iphone.png"; sourceTree = "<group>"; };
		3088BBBC154F3926009F9C59 /* Default~iphone.png */ = {isa = PBXFileReference; lastKnownFileType = image.png; path = "Default~iphone.png"; sourceTree = "<group>"; };
		308D052E1370CCF300D202BF /* icon-72.png */ = {isa = PBXFileReference; lastKnownFileType = image.png; path = "icon-72.png"; sourceTree = "<group>"; };
		308D052F1370CCF300D202BF /* icon.png */ = {isa = PBXFileReference; lastKnownFileType = image.png; path = icon.png; sourceTree = "<group>"; };
		308D05301370CCF300D202BF /* icon@2x.png */ = {isa = PBXFileReference; lastKnownFileType = image.png; path = "icon@2x.png"; sourceTree = "<group>"; };
		30B4F2FD19D5E07200D9F7D8 /* Default-667h.png */ = {isa = PBXFileReference; lastKnownFileType = image.png; path = "Default-667h.png"; sourceTree = "<group>"; };
		30B4F2FE19D5E07200D9F7D8 /* Default-736h.png */ = {isa = PBXFileReference; lastKnownFileType = image.png; path = "Default-736h.png"; sourceTree = "<group>"; };
		30B4F2FF19D5E07200D9F7D8 /* Default-Landscape-736h.png */ = {isa = PBXFileReference; lastKnownFileType = image.png; path = "Default-Landscape-736h.png"; sourceTree = "<group>"; };
		30C1856519D5FC0A00212699 /* icon-60@3x.png */ = {isa = PBXFileReference; lastKnownFileType = image.png; path = "icon-60@3x.png"; sourceTree = "<group>"; };
		30FC414816E50CA1004E6F35 /* icon-72@2x.png */ = {isa = PBXFileReference; lastKnownFileType = image.png; path = "icon-72@2x.png"; sourceTree = "<group>"; };
		32CA4F630368D1EE00C91783 /* Sharood-Prefix.pch */ = {isa = PBXFileReference; fileEncoding = 4; lastKnownFileType = sourcecode.c.h; path = "Sharood-Prefix.pch"; sourceTree = "<group>"; };
		5B1594DC16A7569C00FEF299 /* AssetsLibrary.framework */ = {isa = PBXFileReference; lastKnownFileType = wrapper.framework; name = AssetsLibrary.framework; path = System/Library/Frameworks/AssetsLibrary.framework; sourceTree = SDKROOT; };
		7E7966D41810823500FA85AD /* icon-40.png */ = {isa = PBXFileReference; lastKnownFileType = image.png; path = "icon-40.png"; sourceTree = "<group>"; };
		7E7966D51810823500FA85AD /* icon-40@2x.png */ = {isa = PBXFileReference; lastKnownFileType = image.png; path = "icon-40@2x.png"; sourceTree = "<group>"; };
		7E7966D61810823500FA85AD /* icon-50.png */ = {isa = PBXFileReference; lastKnownFileType = image.png; path = "icon-50.png"; sourceTree = "<group>"; };
		7E7966D71810823500FA85AD /* icon-50@2x.png */ = {isa = PBXFileReference; lastKnownFileType = image.png; path = "icon-50@2x.png"; sourceTree = "<group>"; };
		7E7966D81810823500FA85AD /* icon-60.png */ = {isa = PBXFileReference; lastKnownFileType = image.png; path = "icon-60.png"; sourceTree = "<group>"; };
		7E7966D91810823500FA85AD /* icon-60@2x.png */ = {isa = PBXFileReference; lastKnownFileType = image.png; path = "icon-60@2x.png"; sourceTree = "<group>"; };
		7E7966DA1810823500FA85AD /* icon-76.png */ = {isa = PBXFileReference; lastKnownFileType = image.png; path = "icon-76.png"; sourceTree = "<group>"; };
		7E7966DB1810823500FA85AD /* icon-76@2x.png */ = {isa = PBXFileReference; lastKnownFileType = image.png; path = "icon-76@2x.png"; sourceTree = "<group>"; };
		7E7966DC1810823500FA85AD /* icon-small.png */ = {isa = PBXFileReference; lastKnownFileType = image.png; path = "icon-small.png"; sourceTree = "<group>"; };
		7E7966DD1810823500FA85AD /* icon-small@2x.png */ = {isa = PBXFileReference; lastKnownFileType = image.png; path = "icon-small@2x.png"; sourceTree = "<group>"; };
		8D1107310486CEB800E47090 /* Sharood-Info.plist */ = {isa = PBXFileReference; fileEncoding = 4; lastKnownFileType = text.plist.xml; name = "Sharood-Info.plist"; path = "../Sharood-Info.plist"; plistStructureDefinitionIdentifier = "com.apple.xcode.plist.structure-definition.iphone.info-plist"; sourceTree = "<group>"; };
		D4A0D8751607E02300AEF8BB /* Default-568h@2x~iphone.png */ = {isa = PBXFileReference; lastKnownFileType = image.png; path = "Default-568h@2x~iphone.png"; sourceTree = "<group>"; };
		EB87FDF21871DA7A0020F90C /* merges */ = {isa = PBXFileReference; lastKnownFileType = folder; name = merges; path = ../../merges; sourceTree = "<group>"; };
		EB87FDF31871DA8E0020F90C /* www */ = {isa = PBXFileReference; lastKnownFileType = folder; name = www; path = ../../www; sourceTree = "<group>"; };
		EB87FDF41871DAF40020F90C /* config.xml */ = {isa = PBXFileReference; lastKnownFileType = text.xml; name = config.xml; path = ../../config.xml; sourceTree = "<group>"; };
		F840E1F0165FE0F500CFE078 /* config.xml */ = {isa = PBXFileReference; lastKnownFileType = text.xml; name = config.xml; path = "Sharood/config.xml"; sourceTree = "<group>"; };
		27D0F2381E1D45F39BFA9EF4 /* DatePicker.m */ = {isa = PBXFileReference; lastKnownFileType = sourcecode.c.objc; name = "DatePicker.m"; path = "cordova-plugin-datepicker/DatePicker.m"; sourceTree = "<group>"; fileEncoding = 4; };
		B47440C8902647389FE55DDB /* DatePicker.h */ = {isa = PBXFileReference; lastKnownFileType = sourcecode.c.h; name = "DatePicker.h"; path = "cordova-plugin-datepicker/DatePicker.h"; sourceTree = "<group>"; fileEncoding = 4; };
		53F8AB30E68146F387667F4D /* DatePicker.xib */ = {isa = PBXFileReference; lastKnownFileType = file.xib; name = "DatePicker.xib"; path = "DatePicker.xib"; sourceTree = "<group>"; fileEncoding = 4; };
		A3CDC6486E264F719E9FE43F /* CDVDevice.m */ = {isa = PBXFileReference; lastKnownFileType = sourcecode.c.objc; name = "CDVDevice.m"; path = "cordova-plugin-device/CDVDevice.m"; sourceTree = "<group>"; fileEncoding = 4; };
		2DE526EAD88841019671A063 /* CDVDevice.h */ = {isa = PBXFileReference; lastKnownFileType = sourcecode.c.h; name = "CDVDevice.h"; path = "cordova-plugin-device/CDVDevice.h"; sourceTree = "<group>"; fileEncoding = 4; };
		655E58462ABF492CAB7F95B7 /* CDVConnection.m */ = {isa = PBXFileReference; lastKnownFileType = sourcecode.c.objc; name = "CDVConnection.m"; path = "cordova-plugin-network-information/CDVConnection.m"; sourceTree = "<group>"; fileEncoding = 4; };
		9752C10796E84B33A8B21D61 /* CDVReachability.m */ = {isa = PBXFileReference; lastKnownFileType = sourcecode.c.objc; name = "CDVReachability.m"; path = "cordova-plugin-network-information/CDVReachability.m"; sourceTree = "<group>"; fileEncoding = 4; };
		2602F67225C7455A8953FF51 /* CDVConnection.h */ = {isa = PBXFileReference; lastKnownFileType = sourcecode.c.h; name = "CDVConnection.h"; path = "cordova-plugin-network-information/CDVConnection.h"; sourceTree = "<group>"; fileEncoding = 4; };
		10C5A44A3C694F29B338869D /* CDVReachability.h */ = {isa = PBXFileReference; lastKnownFileType = sourcecode.c.h; name = "CDVReachability.h"; path = "cordova-plugin-network-information/CDVReachability.h"; sourceTree = "<group>"; fileEncoding = 4; };
		100DD2D0042642FE9D92A110 /* SystemConfiguration.framework */ = {isa = PBXFileReference; lastKnownFileType = wrapper.framework; name = "SystemConfiguration.framework"; path = "System/Library/Frameworks/SystemConfiguration.framework"; sourceTree = SDKROOT; fileEncoding = 4; };
		5A730C6C39364565B8A2C189 /* CoreTelephony.framework */ = {isa = PBXFileReference; lastKnownFileType = wrapper.framework; name = "CoreTelephony.framework"; path = "System/Library/Frameworks/CoreTelephony.framework"; sourceTree = SDKROOT; fileEncoding = 4; };
		B3079CBC27084E82A25B052F /* APPEmailComposer.m */ = {isa = PBXFileReference; lastKnownFileType = sourcecode.c.objc; name = "APPEmailComposer.m"; path = "de.appplant.cordova.plugin.email-composer/APPEmailComposer.m"; sourceTree = "<group>"; fileEncoding = 4; };
		A6688687B196445EB73DB17B /* APPEmailComposer.h */ = {isa = PBXFileReference; lastKnownFileType = sourcecode.c.h; name = "APPEmailComposer.h"; path = "de.appplant.cordova.plugin.email-composer/APPEmailComposer.h"; sourceTree = "<group>"; fileEncoding = 4; };
		91AD5E62D2AE42AC82E6DD87 /* MessageUI.framework */ = {isa = PBXFileReference; lastKnownFileType = wrapper.framework; name = "MessageUI.framework"; path = "System/Library/Frameworks/MessageUI.framework"; sourceTree = SDKROOT; fileEncoding = 4; };
		B8E9D77F40E5481FAB46F2D0 /* UIImage+CropScaleOrientation.m */ = {isa = PBXFileReference; lastKnownFileType = sourcecode.c.objc; name = "UIImage+CropScaleOrientation.m"; path = "org.apache.cordova.camera/UIImage+CropScaleOrientation.m"; sourceTree = "<group>"; fileEncoding = 4; };
		957A849A1AED4860A17D5C37 /* CDVCamera.m */ = {isa = PBXFileReference; lastKnownFileType = sourcecode.c.objc; name = "CDVCamera.m"; path = "org.apache.cordova.camera/CDVCamera.m"; sourceTree = "<group>"; fileEncoding = 4; };
		A3FE1EAA385441AB998510EB /* CDVJpegHeaderWriter.m */ = {isa = PBXFileReference; lastKnownFileType = sourcecode.c.objc; name = "CDVJpegHeaderWriter.m"; path = "org.apache.cordova.camera/CDVJpegHeaderWriter.m"; sourceTree = "<group>"; fileEncoding = 4; };
		B7FF75631943400CB43E537F /* UIImage+CropScaleOrientation.h */ = {isa = PBXFileReference; lastKnownFileType = sourcecode.c.h; name = "UIImage+CropScaleOrientation.h"; path = "org.apache.cordova.camera/UIImage+CropScaleOrientation.h"; sourceTree = "<group>"; fileEncoding = 4; };
		EAF1B0ED152E4E4C9D28FB9D /* CDVCamera.h */ = {isa = PBXFileReference; lastKnownFileType = sourcecode.c.h; name = "CDVCamera.h"; path = "org.apache.cordova.camera/CDVCamera.h"; sourceTree = "<group>"; fileEncoding = 4; };
		B76F9FAA972B4169A434B321 /* CDVJpegHeaderWriter.h */ = {isa = PBXFileReference; lastKnownFileType = sourcecode.c.h; name = "CDVJpegHeaderWriter.h"; path = "org.apache.cordova.camera/CDVJpegHeaderWriter.h"; sourceTree = "<group>"; fileEncoding = 4; };
		C51A248C8F39400C8FAAD950 /* CDVExif.h */ = {isa = PBXFileReference; lastKnownFileType = sourcecode.c.h; name = "CDVExif.h"; path = "org.apache.cordova.camera/CDVExif.h"; sourceTree = "<group>"; fileEncoding = 4; };
		509A72EC8C6E445C95209FBE /* ImageIO.framework */ = {isa = PBXFileReference; lastKnownFileType = wrapper.framework; name = "ImageIO.framework"; path = "System/Library/Frameworks/ImageIO.framework"; sourceTree = SDKROOT; fileEncoding = 4; };
		A2AF58273D82440097DBC319 /* CoreLocation.framework */ = {isa = PBXFileReference; lastKnownFileType = wrapper.framework; name = "CoreLocation.framework"; path = "System/Library/Frameworks/CoreLocation.framework"; sourceTree = SDKROOT; fileEncoding = 4; };
		1BF53A8A076243EAB1A42552 /* AppDelegate+notification.m */ = {isa = PBXFileReference; lastKnownFileType = sourcecode.c.objc; name = "AppDelegate+notification.m"; path = "phonegap-plugin-push/AppDelegate+notification.m"; sourceTree = "<group>"; fileEncoding = 4; };
		C291DDA6FBEE45F7B48EB87F /* PushPlugin.m */ = {isa = PBXFileReference; lastKnownFileType = sourcecode.c.objc; name = "PushPlugin.m"; path = "phonegap-plugin-push/PushPlugin.m"; sourceTree = "<group>"; fileEncoding = 4; };
		2F4207B75ED1463F9EA5F490 /* libGGLCloudMessaging.a */ = {isa = PBXFileReference; lastKnownFileType = archive.ar; name = "libGGLCloudMessaging.a"; path = "Sharood/Plugins/phonegap-plugin-push/GCM/Libraries/libGGLCloudMessaging.a"; sourceTree = "<group>"; fileEncoding = 4; };
		0D6517AF755F410299A0D595 /* libGGLCore.a */ = {isa = PBXFileReference; lastKnownFileType = archive.ar; name = "libGGLCore.a"; path = "Sharood/Plugins/phonegap-plugin-push/GCM/Libraries/libGGLCore.a"; sourceTree = "<group>"; fileEncoding = 4; };
		8A86219DBBAB43939D7DDF21 /* libGGLInstanceIDLib.a */ = {isa = PBXFileReference; lastKnownFileType = archive.ar; name = "libGGLInstanceIDLib.a"; path = "Sharood/Plugins/phonegap-plugin-push/GCM/Libraries/libGGLInstanceIDLib.a"; sourceTree = "<group>"; fileEncoding = 4; };
		8D9DF33377C14F698263BC80 /* libGIP_Reachability.a */ = {isa = PBXFileReference; lastKnownFileType = archive.ar; name = "libGIP_Reachability.a"; path = "Sharood/Plugins/phonegap-plugin-push/GCM/Libraries/libGIP_Reachability.a"; sourceTree = "<group>"; fileEncoding = 4; };
		FD848E0975E347C79DF76D1C /* libGSDK_Overload.a */ = {isa = PBXFileReference; lastKnownFileType = archive.ar; name = "libGSDK_Overload.a"; path = "Sharood/Plugins/phonegap-plugin-push/GCM/Libraries/libGSDK_Overload.a"; sourceTree = "<group>"; fileEncoding = 4; };
		E1D77524404146C89624745C /* libGTMSessionFetcher_core.a */ = {isa = PBXFileReference; lastKnownFileType = archive.ar; name = "libGTMSessionFetcher_core.a"; path = "Sharood/Plugins/phonegap-plugin-push/GCM/Libraries/libGTMSessionFetcher_core.a"; sourceTree = "<group>"; fileEncoding = 4; };
		5E865C7118F04A25A97C1547 /* libGTMSessionFetcher_full.a */ = {isa = PBXFileReference; lastKnownFileType = archive.ar; name = "libGTMSessionFetcher_full.a"; path = "Sharood/Plugins/phonegap-plugin-push/GCM/Libraries/libGTMSessionFetcher_full.a"; sourceTree = "<group>"; fileEncoding = 4; };
		CD66F58A34204CE697BA73E1 /* libGTMStackTrace.a */ = {isa = PBXFileReference; lastKnownFileType = archive.ar; name = "libGTMStackTrace.a"; path = "Sharood/Plugins/phonegap-plugin-push/GCM/Libraries/libGTMStackTrace.a"; sourceTree = "<group>"; fileEncoding = 4; };
		D4D98D1F26EC41D9A99FE319 /* libGTM_AddressBook.a */ = {isa = PBXFileReference; lastKnownFileType = archive.ar; name = "libGTM_AddressBook.a"; path = "Sharood/Plugins/phonegap-plugin-push/GCM/Libraries/libGTM_AddressBook.a"; sourceTree = "<group>"; fileEncoding = 4; };
		0954D1A3753448D6A4868816 /* libGTM_DebugUtils.a */ = {isa = PBXFileReference; lastKnownFileType = archive.ar; name = "libGTM_DebugUtils.a"; path = "Sharood/Plugins/phonegap-plugin-push/GCM/Libraries/libGTM_DebugUtils.a"; sourceTree = "<group>"; fileEncoding = 4; };
		608D6FB772F442D191347620 /* libGTM_GTMURLBuilder.a */ = {isa = PBXFileReference; lastKnownFileType = archive.ar; name = "libGTM_GTMURLBuilder.a"; path = "Sharood/Plugins/phonegap-plugin-push/GCM/Libraries/libGTM_GTMURLBuilder.a"; sourceTree = "<group>"; fileEncoding = 4; };
		59941367B2AB429C9F2FB00C /* libGTM_KVO.a */ = {isa = PBXFileReference; lastKnownFileType = archive.ar; name = "libGTM_KVO.a"; path = "Sharood/Plugins/phonegap-plugin-push/GCM/Libraries/libGTM_KVO.a"; sourceTree = "<group>"; fileEncoding = 4; };
		129FA0A8238F461F82E88F25 /* libGTM_NSData+zlib.a */ = {isa = PBXFileReference; lastKnownFileType = archive.ar; name = "libGTM_NSData+zlib.a"; path = "Sharood/Plugins/phonegap-plugin-push/GCM/Libraries/libGTM_NSData+zlib.a"; sourceTree = "<group>"; fileEncoding = 4; };
		DFAF5B32BEBD4E6BB51DF59D /* libGTM_NSDictionary+URLArguments.a */ = {isa = PBXFileReference; lastKnownFileType = archive.ar; name = "libGTM_NSDictionary+URLArguments.a"; path = "Sharood/Plugins/phonegap-plugin-push/GCM/Libraries/libGTM_NSDictionary+URLArguments.a"; sourceTree = "<group>"; fileEncoding = 4; };
		C50AFF924D354BC889D59147 /* libGTM_NSScannerJSON.a */ = {isa = PBXFileReference; lastKnownFileType = archive.ar; name = "libGTM_NSScannerJSON.a"; path = "Sharood/Plugins/phonegap-plugin-push/GCM/Libraries/libGTM_NSScannerJSON.a"; sourceTree = "<group>"; fileEncoding = 4; };
		B07EFD3EBD534160BB1B9301 /* libGTM_NSStringHTML.a */ = {isa = PBXFileReference; lastKnownFileType = archive.ar; name = "libGTM_NSStringHTML.a"; path = "Sharood/Plugins/phonegap-plugin-push/GCM/Libraries/libGTM_NSStringHTML.a"; sourceTree = "<group>"; fileEncoding = 4; };
		10AE7B34AF244648AD678B06 /* libGTM_NSStringXML.a */ = {isa = PBXFileReference; lastKnownFileType = archive.ar; name = "libGTM_NSStringXML.a"; path = "Sharood/Plugins/phonegap-plugin-push/GCM/Libraries/libGTM_NSStringXML.a"; sourceTree = "<group>"; fileEncoding = 4; };
		0DB38BE6D43149CE9E491EBD /* libGTM_Regex.a */ = {isa = PBXFileReference; lastKnownFileType = archive.ar; name = "libGTM_Regex.a"; path = "Sharood/Plugins/phonegap-plugin-push/GCM/Libraries/libGTM_Regex.a"; sourceTree = "<group>"; fileEncoding = 4; };
		A28BE7020BFD41658C682EE5 /* libGTM_RoundedRectPath.a */ = {isa = PBXFileReference; lastKnownFileType = archive.ar; name = "libGTM_RoundedRectPath.a"; path = "Sharood/Plugins/phonegap-plugin-push/GCM/Libraries/libGTM_RoundedRectPath.a"; sourceTree = "<group>"; fileEncoding = 4; };
		036984020EC24A85B3D9CC44 /* libGTM_StringEncoding.a */ = {isa = PBXFileReference; lastKnownFileType = archive.ar; name = "libGTM_StringEncoding.a"; path = "Sharood/Plugins/phonegap-plugin-push/GCM/Libraries/libGTM_StringEncoding.a"; sourceTree = "<group>"; fileEncoding = 4; };
		FA2F4C7C98694D638DA08A61 /* libGTM_SystemVersion.a */ = {isa = PBXFileReference; lastKnownFileType = archive.ar; name = "libGTM_SystemVersion.a"; path = "Sharood/Plugins/phonegap-plugin-push/GCM/Libraries/libGTM_SystemVersion.a"; sourceTree = "<group>"; fileEncoding = 4; };
		2CB72CCF7F0F4DF49CA8BDE0 /* libGTM_UIFont+LineHeight.a */ = {isa = PBXFileReference; lastKnownFileType = archive.ar; name = "libGTM_UIFont+LineHeight.a"; path = "Sharood/Plugins/phonegap-plugin-push/GCM/Libraries/libGTM_UIFont+LineHeight.a"; sourceTree = "<group>"; fileEncoding = 4; };
		D823157FF2DB46E8BFD894DA /* libGTM_core.a */ = {isa = PBXFileReference; lastKnownFileType = archive.ar; name = "libGTM_core.a"; path = "Sharood/Plugins/phonegap-plugin-push/GCM/Libraries/libGTM_core.a"; sourceTree = "<group>"; fileEncoding = 4; };
		99EF567A9DF8415AA8ABA3CB /* libGTM_iPhone.a */ = {isa = PBXFileReference; lastKnownFileType = archive.ar; name = "libGTM_iPhone.a"; path = "Sharood/Plugins/phonegap-plugin-push/GCM/Libraries/libGTM_iPhone.a"; sourceTree = "<group>"; fileEncoding = 4; };
		2899AAFA083340F38B43C80B /* libGcmLib.a */ = {isa = PBXFileReference; lastKnownFileType = archive.ar; name = "libGcmLib.a"; path = "Sharood/Plugins/phonegap-plugin-push/GCM/Libraries/libGcmLib.a"; sourceTree = "<group>"; fileEncoding = 4; };
		D3D59DFE114F4BC19D0748F2 /* libProtocolBuffers.a */ = {isa = PBXFileReference; lastKnownFileType = archive.ar; name = "libProtocolBuffers.a"; path = "Sharood/Plugins/phonegap-plugin-push/GCM/Libraries/libProtocolBuffers.a"; sourceTree = "<group>"; fileEncoding = 4; };
		59507FC00FF34C149D061CDE /* AppDelegate+notification.h */ = {isa = PBXFileReference; lastKnownFileType = sourcecode.c.h; name = "AppDelegate+notification.h"; path = "phonegap-plugin-push/AppDelegate+notification.h"; sourceTree = "<group>"; fileEncoding = 4; };
		DF3E424735D0443380DD8CDE /* PushPlugin.h */ = {isa = PBXFileReference; lastKnownFileType = sourcecode.c.h; name = "PushPlugin.h"; path = "phonegap-plugin-push/PushPlugin.h"; sourceTree = "<group>"; fileEncoding = 4; };
		FF74F73BC8C442A38340985E /* GGLInstanceID.h */ = {isa = PBXFileReference; lastKnownFileType = sourcecode.c.h; name = "GGLInstanceID.h"; path = "phonegap-plugin-push/GCM/Headers/GGLInstanceID.h"; sourceTree = "<group>"; fileEncoding = 4; };
		6475A236DA924A4D9A6311C6 /* GGLInstanceIDConfig.h */ = {isa = PBXFileReference; lastKnownFileType = sourcecode.c.h; name = "GGLInstanceIDConfig.h"; path = "phonegap-plugin-push/GCM/Headers/GGLInstanceIDConfig.h"; sourceTree = "<group>"; fileEncoding = 4; };
		08D0E7B448F7473D97F8351C /* GGLInstanceIDDelegate.h */ = {isa = PBXFileReference; lastKnownFileType = sourcecode.c.h; name = "GGLInstanceIDDelegate.h"; path = "phonegap-plugin-push/GCM/Headers/GGLInstanceIDDelegate.h"; sourceTree = "<group>"; fileEncoding = 4; };
		DBBF8C4379514FA9ABB67061 /* GGLInstanceIDHeaders.h */ = {isa = PBXFileReference; lastKnownFileType = sourcecode.c.h; name = "GGLInstanceIDHeaders.h"; path = "phonegap-plugin-push/GCM/Headers/GGLInstanceIDHeaders.h"; sourceTree = "<group>"; fileEncoding = 4; };
		401D8BE458624DEABBC7F129 /* CloudMessaging.h */ = {isa = PBXFileReference; lastKnownFileType = sourcecode.c.h; name = "CloudMessaging.h"; path = "phonegap-plugin-push/GCM/Headers/CloudMessaging.h"; sourceTree = "<group>"; fileEncoding = 4; };
		93398CFF1EAA4B38BE4429B4 /* GGLContext+CloudMessaging.h */ = {isa = PBXFileReference; lastKnownFileType = sourcecode.c.h; name = "GGLContext+CloudMessaging.h"; path = "phonegap-plugin-push/GCM/Headers/GGLContext+CloudMessaging.h"; sourceTree = "<group>"; fileEncoding = 4; };
		8C679743141A4AC697271605 /* Core.h */ = {isa = PBXFileReference; lastKnownFileType = sourcecode.c.h; name = "Core.h"; path = "phonegap-plugin-push/GCM/Headers/Core.h"; sourceTree = "<group>"; fileEncoding = 4; };
		AADEFFC7A2FC400BB78F8AB3 /* GGLConfiguration.h */ = {isa = PBXFileReference; lastKnownFileType = sourcecode.c.h; name = "GGLConfiguration.h"; path = "phonegap-plugin-push/GCM/Headers/GGLConfiguration.h"; sourceTree = "<group>"; fileEncoding = 4; };
		FBB34D15980C4276BAC3C528 /* GGLContext.h */ = {isa = PBXFileReference; lastKnownFileType = sourcecode.c.h; name = "GGLContext.h"; path = "phonegap-plugin-push/GCM/Headers/GGLContext.h"; sourceTree = "<group>"; fileEncoding = 4; };
		E52875B4F61F453A9EA566C6 /* GGLErrorCode.h */ = {isa = PBXFileReference; lastKnownFileType = sourcecode.c.h; name = "GGLErrorCode.h"; path = "phonegap-plugin-push/GCM/Headers/GGLErrorCode.h"; sourceTree = "<group>"; fileEncoding = 4; };
		5BB5548269D8402794536607 /* GCMConfig.h */ = {isa = PBXFileReference; lastKnownFileType = sourcecode.c.h; name = "GCMConfig.h"; path = "phonegap-plugin-push/GCM/Headers/GCMConfig.h"; sourceTree = "<group>"; fileEncoding = 4; };
		AA51C8D8E0E345FF9E376078 /* GCMPubSub.h */ = {isa = PBXFileReference; lastKnownFileType = sourcecode.c.h; name = "GCMPubSub.h"; path = "phonegap-plugin-push/GCM/Headers/GCMPubSub.h"; sourceTree = "<group>"; fileEncoding = 4; };
		0F1C4A10105642BC9B0057A9 /* GCMReceiverDelegate.h */ = {isa = PBXFileReference; lastKnownFileType = sourcecode.c.h; name = "GCMReceiverDelegate.h"; path = "phonegap-plugin-push/GCM/Headers/GCMReceiverDelegate.h"; sourceTree = "<group>"; fileEncoding = 4; };
		48A3F791BD584396A65C9DEF /* GCMService.h */ = {isa = PBXFileReference; lastKnownFileType = sourcecode.c.h; name = "GCMService.h"; path = "phonegap-plugin-push/GCM/Headers/GCMService.h"; sourceTree = "<group>"; fileEncoding = 4; };
		23190C0C985F446F9D52BF9D /* GoogleCloudMessaging.h */ = {isa = PBXFileReference; lastKnownFileType = sourcecode.c.h; name = "GoogleCloudMessaging.h"; path = "phonegap-plugin-push/GCM/Headers/GoogleCloudMessaging.h"; sourceTree = "<group>"; fileEncoding = 4; };
		A45455091FFA496F81075503 /* AddressBook.framework */ = {isa = PBXFileReference; lastKnownFileType = wrapper.framework; name = "AddressBook.framework"; path = "System/Library/Frameworks/AddressBook.framework"; sourceTree = SDKROOT; fileEncoding = 4; };
		A87429EFE43647CCB9BCD86A /* libsqlite3.tbd */ = {isa = PBXFileReference; lastKnownFileType = unknown; name = "libsqlite3.tbd"; path = "libsqlite3.tbd"; sourceTree = "<group>"; fileEncoding = 4; };
		E6770FED1A984ED7819D6DC3 /* libz.tbd */ = {isa = PBXFileReference; lastKnownFileType = unknown; name = "libz.tbd"; path = "libz.tbd"; sourceTree = "<group>"; fileEncoding = 4; };
/* End PBXFileReference section */

/* Begin PBXFrameworksBuildPhase section */
		1D60588F0D05DD3D006BFB54 /* Frameworks */ = {
			isa = PBXFrameworksBuildPhase;
			buildActionMask = 2147483647;
			files = (
				5B1594DD16A7569C00FEF299 /* AssetsLibrary.framework in Frameworks */,
				301BF552109A68D80062928A /* libCordova.a in Frameworks */,
				288765FD0DF74451002DB57D /* CoreGraphics.framework in Frameworks */,
				305D5FD1115AB8F900A74A75 /* MobileCoreServices.framework in Frameworks */,
				17DF96371CFF4A10859B4BBF /* SystemConfiguration.framework in Frameworks */,
				53FF89C17C4C4A559FC21D24 /* CoreTelephony.framework in Frameworks */,
				AB8BAAF1B93B4EF6AB7A1B0D /* MessageUI.framework in Frameworks */,
				18ABE0A50F084B589FF9FDDA /* ImageIO.framework in Frameworks */,
				AD26FF081804401D86C93703 /* CoreLocation.framework in Frameworks */,
				BAE457F2DE6A46749AC1081A /* libGGLCloudMessaging.a in Frameworks */,
				32011CEFF8294CB88AD28515 /* libGGLCore.a in Frameworks */,
				AD0B0A4EB4174552803C0928 /* libGGLInstanceIDLib.a in Frameworks */,
				2F13739C1F2B47B5A182A4EF /* libGIP_Reachability.a in Frameworks */,
				00FEF641C0514E1BA6ED3339 /* libGSDK_Overload.a in Frameworks */,
				9084F19AC5F94618A1C4ED7D /* libGTMSessionFetcher_core.a in Frameworks */,
				87570B52ACB4435AA2B7248C /* libGTMSessionFetcher_full.a in Frameworks */,
				75BA035DF84644EBB0E6B084 /* libGTMStackTrace.a in Frameworks */,
				B1F0D03F48C345419985FA63 /* libGTM_AddressBook.a in Frameworks */,
				3711645B99584C5ABCE18A1C /* libGTM_DebugUtils.a in Frameworks */,
				4FB401796E5D4330B2F423DE /* libGTM_GTMURLBuilder.a in Frameworks */,
				C22B6599504D4CA6B0BB7476 /* libGTM_KVO.a in Frameworks */,
				DA002647C9B643CEA6113E65 /* libGTM_NSData+zlib.a in Frameworks */,
				CFAA1DEBCF17410F8B7EC44A /* libGTM_NSDictionary+URLArguments.a in Frameworks */,
				6355C28EA3E743E29DAA626F /* libGTM_NSScannerJSON.a in Frameworks */,
				1E4E38FE2F314CBDA12F75AC /* libGTM_NSStringHTML.a in Frameworks */,
				7B52F55E32514F17AE43E63A /* libGTM_NSStringXML.a in Frameworks */,
				2A3B1F5D25C243D08441686F /* libGTM_Regex.a in Frameworks */,
				DE2486F07D7B4716A5559148 /* libGTM_RoundedRectPath.a in Frameworks */,
				D6CE5F9484E548A280FD588F /* libGTM_StringEncoding.a in Frameworks */,
				DEA66859123241789EAEFC36 /* libGTM_SystemVersion.a in Frameworks */,
				AF610A5333184D7FB77B4107 /* libGTM_UIFont+LineHeight.a in Frameworks */,
				8B313899805342948ACCA8BD /* libGTM_core.a in Frameworks */,
				7DC58FCE88AA4DE2889F311A /* libGTM_iPhone.a in Frameworks */,
				106CD47A1630468799A4B1B2 /* libGcmLib.a in Frameworks */,
				8259CCA929C342ECBC3BB852 /* libProtocolBuffers.a in Frameworks */,
				F0D102B89AB04E6591C397D0 /* AddressBook.framework in Frameworks */,
				AD135CF6CCF942A6BBB87180 /* libsqlite3.tbd in Resources */,
				69E1DE45B8AB4421A15F6DFF /* libz.tbd in Resources */,
			);
			runOnlyForDeploymentPostprocessing = 0;
		};
/* End PBXFrameworksBuildPhase section */

/* Begin PBXGroup section */
		080E96DDFE201D6D7F000001 /* Classes */ = {
			isa = PBXGroup;
			children = (
				302D95EE14D2391D003F00A1 /* MainViewController.h */,
				302D95EF14D2391D003F00A1 /* MainViewController.m */,
				302D95F014D2391D003F00A1 /* MainViewController.xib */,
				1D3623240D0F684500981E51 /* AppDelegate.h */,
				1D3623250D0F684500981E51 /* AppDelegate.m */,
			);
			name = Classes;
			path = "Sharood/Classes";
			sourceTree = SOURCE_ROOT;
		};
		19C28FACFE9D520D11CA2CBB /* Products */ = {
			isa = PBXGroup;
			children = (
				1D6058910D05DD3D006BFB54 /* Sharood.app */,
			);
			name = Products;
			sourceTree = "<group>";
		};
		29B97314FDCFA39411CA2CEA /* CustomTemplate */ = {
			isa = PBXGroup;
			children = (
				EB87FDF41871DAF40020F90C /* config.xml */,
				EB87FDF31871DA8E0020F90C /* www */,
				EB87FDF21871DA7A0020F90C /* merges */,
				EB87FDF11871DA420020F90C /* Staging */,
				301BF52D109A57CC0062928A /* CordovaLib.xcodeproj */,
				080E96DDFE201D6D7F000001 /* Classes */,
				307C750510C5A3420062BCA9 /* Plugins */,
				29B97315FDCFA39411CA2CEA /* Other Sources */,
				29B97317FDCFA39411CA2CEA /* Resources */,
				29B97323FDCFA39411CA2CEA /* Frameworks */,
				19C28FACFE9D520D11CA2CBB /* Products */,
			);
			name = CustomTemplate;
			sourceTree = "<group>";
		};
		29B97315FDCFA39411CA2CEA /* Other Sources */ = {
			isa = PBXGroup;
			children = (
				32CA4F630368D1EE00C91783 /* Sharood-Prefix.pch */,
				29B97316FDCFA39411CA2CEA /* main.m */,
			);
			name = "Other Sources";
			path = "Sharood";
			sourceTree = "<group>";
		};
		29B97317FDCFA39411CA2CEA /* Resources */ = {
			isa = PBXGroup;
			children = (
				308D052D1370CCF300D202BF /* icons */,
				308D05311370CCF300D202BF /* splash */,
				8D1107310486CEB800E47090 /* Sharood-Info.plist */,
				53F8AB30E68146F387667F4D /* DatePicker.xib */,
			);
			name = Resources;
			path = "Sharood/Resources";
			sourceTree = "<group>";
		};
		29B97323FDCFA39411CA2CEA /* Frameworks */ = {
			isa = PBXGroup;
			children = (
				5B1594DC16A7569C00FEF299 /* AssetsLibrary.framework */,
				288765FC0DF74451002DB57D /* CoreGraphics.framework */,
				305D5FD0115AB8F900A74A75 /* MobileCoreServices.framework */,
				100DD2D0042642FE9D92A110 /* SystemConfiguration.framework */,
				5A730C6C39364565B8A2C189 /* CoreTelephony.framework */,
				91AD5E62D2AE42AC82E6DD87 /* MessageUI.framework */,
				509A72EC8C6E445C95209FBE /* ImageIO.framework */,
				A2AF58273D82440097DBC319 /* CoreLocation.framework */,
				2F4207B75ED1463F9EA5F490 /* libGGLCloudMessaging.a */,
				0D6517AF755F410299A0D595 /* libGGLCore.a */,
				8A86219DBBAB43939D7DDF21 /* libGGLInstanceIDLib.a */,
				8D9DF33377C14F698263BC80 /* libGIP_Reachability.a */,
				FD848E0975E347C79DF76D1C /* libGSDK_Overload.a */,
				E1D77524404146C89624745C /* libGTMSessionFetcher_core.a */,
				5E865C7118F04A25A97C1547 /* libGTMSessionFetcher_full.a */,
				CD66F58A34204CE697BA73E1 /* libGTMStackTrace.a */,
				D4D98D1F26EC41D9A99FE319 /* libGTM_AddressBook.a */,
				0954D1A3753448D6A4868816 /* libGTM_DebugUtils.a */,
				608D6FB772F442D191347620 /* libGTM_GTMURLBuilder.a */,
				59941367B2AB429C9F2FB00C /* libGTM_KVO.a */,
				129FA0A8238F461F82E88F25 /* libGTM_NSData+zlib.a */,
				DFAF5B32BEBD4E6BB51DF59D /* libGTM_NSDictionary+URLArguments.a */,
				C50AFF924D354BC889D59147 /* libGTM_NSScannerJSON.a */,
				B07EFD3EBD534160BB1B9301 /* libGTM_NSStringHTML.a */,
				10AE7B34AF244648AD678B06 /* libGTM_NSStringXML.a */,
				0DB38BE6D43149CE9E491EBD /* libGTM_Regex.a */,
				A28BE7020BFD41658C682EE5 /* libGTM_RoundedRectPath.a */,
				036984020EC24A85B3D9CC44 /* libGTM_StringEncoding.a */,
				FA2F4C7C98694D638DA08A61 /* libGTM_SystemVersion.a */,
				2CB72CCF7F0F4DF49CA8BDE0 /* libGTM_UIFont+LineHeight.a */,
				D823157FF2DB46E8BFD894DA /* libGTM_core.a */,
				99EF567A9DF8415AA8ABA3CB /* libGTM_iPhone.a */,
				2899AAFA083340F38B43C80B /* libGcmLib.a */,
				D3D59DFE114F4BC19D0748F2 /* libProtocolBuffers.a */,
				A45455091FFA496F81075503 /* AddressBook.framework */,
				A87429EFE43647CCB9BCD86A /* libsqlite3.tbd */,
				E6770FED1A984ED7819D6DC3 /* libz.tbd */,
			);
			name = Frameworks;
			sourceTree = "<group>";
		};
		301BF52E109A57CC0062928A /* Products */ = {
			isa = PBXGroup;
			children = (
				301BF535109A57CC0062928A /* libCordova.a */,
			);
			name = Products;
			sourceTree = "<group>";
		};
		307C750510C5A3420062BCA9 /* Plugins */ = {
			isa = PBXGroup;
			children = (
				27D0F2381E1D45F39BFA9EF4 /* DatePicker.m */,
				B47440C8902647389FE55DDB /* DatePicker.h */,
				A3CDC6486E264F719E9FE43F /* CDVDevice.m */,
				2DE526EAD88841019671A063 /* CDVDevice.h */,
				655E58462ABF492CAB7F95B7 /* CDVConnection.m */,
				9752C10796E84B33A8B21D61 /* CDVReachability.m */,
				2602F67225C7455A8953FF51 /* CDVConnection.h */,
				10C5A44A3C694F29B338869D /* CDVReachability.h */,
				B3079CBC27084E82A25B052F /* APPEmailComposer.m */,
				A6688687B196445EB73DB17B /* APPEmailComposer.h */,
				B8E9D77F40E5481FAB46F2D0 /* UIImage+CropScaleOrientation.m */,
				957A849A1AED4860A17D5C37 /* CDVCamera.m */,
				A3FE1EAA385441AB998510EB /* CDVJpegHeaderWriter.m */,
				B7FF75631943400CB43E537F /* UIImage+CropScaleOrientation.h */,
				EAF1B0ED152E4E4C9D28FB9D /* CDVCamera.h */,
				B76F9FAA972B4169A434B321 /* CDVJpegHeaderWriter.h */,
				C51A248C8F39400C8FAAD950 /* CDVExif.h */,
				1BF53A8A076243EAB1A42552 /* AppDelegate+notification.m */,
				C291DDA6FBEE45F7B48EB87F /* PushPlugin.m */,
				59507FC00FF34C149D061CDE /* AppDelegate+notification.h */,
				DF3E424735D0443380DD8CDE /* PushPlugin.h */,
				FF74F73BC8C442A38340985E /* GGLInstanceID.h */,
				6475A236DA924A4D9A6311C6 /* GGLInstanceIDConfig.h */,
				08D0E7B448F7473D97F8351C /* GGLInstanceIDDelegate.h */,
				DBBF8C4379514FA9ABB67061 /* GGLInstanceIDHeaders.h */,
				401D8BE458624DEABBC7F129 /* CloudMessaging.h */,
				93398CFF1EAA4B38BE4429B4 /* GGLContext+CloudMessaging.h */,
				8C679743141A4AC697271605 /* Core.h */,
				AADEFFC7A2FC400BB78F8AB3 /* GGLConfiguration.h */,
				FBB34D15980C4276BAC3C528 /* GGLContext.h */,
				E52875B4F61F453A9EA566C6 /* GGLErrorCode.h */,
				5BB5548269D8402794536607 /* GCMConfig.h */,
				AA51C8D8E0E345FF9E376078 /* GCMPubSub.h */,
				0F1C4A10105642BC9B0057A9 /* GCMReceiverDelegate.h */,
				48A3F791BD584396A65C9DEF /* GCMService.h */,
				23190C0C985F446F9D52BF9D /* GoogleCloudMessaging.h */,
			);
			name = Plugins;
			path = "Sharood/Plugins";
			sourceTree = SOURCE_ROOT;
		};
		308D052D1370CCF300D202BF /* icons */ = {
			isa = PBXGroup;
			children = (
				30C1856519D5FC0A00212699 /* icon-60@3x.png */,
				7E7966D41810823500FA85AD /* icon-40.png */,
				7E7966D51810823500FA85AD /* icon-40@2x.png */,
				7E7966D61810823500FA85AD /* icon-50.png */,
				7E7966D71810823500FA85AD /* icon-50@2x.png */,
				7E7966D81810823500FA85AD /* icon-60.png */,
				7E7966D91810823500FA85AD /* icon-60@2x.png */,
				7E7966DA1810823500FA85AD /* icon-76.png */,
				7E7966DB1810823500FA85AD /* icon-76@2x.png */,
				7E7966DC1810823500FA85AD /* icon-small.png */,
				7E7966DD1810823500FA85AD /* icon-small@2x.png */,
				30FC414816E50CA1004E6F35 /* icon-72@2x.png */,
				308D052E1370CCF300D202BF /* icon-72.png */,
				308D052F1370CCF300D202BF /* icon.png */,
				308D05301370CCF300D202BF /* icon@2x.png */,
			);
			path = icons;
			sourceTree = "<group>";
		};
		308D05311370CCF300D202BF /* splash */ = {
			isa = PBXGroup;
			children = (
				30B4F2FD19D5E07200D9F7D8 /* Default-667h.png */,
				30B4F2FE19D5E07200D9F7D8 /* Default-736h.png */,
				30B4F2FF19D5E07200D9F7D8 /* Default-Landscape-736h.png */,
				D4A0D8751607E02300AEF8BB /* Default-568h@2x~iphone.png */,
				3088BBB7154F3926009F9C59 /* Default-Landscape@2x~ipad.png */,
				3088BBB8154F3926009F9C59 /* Default-Landscape~ipad.png */,
				3088BBB9154F3926009F9C59 /* Default-Portrait@2x~ipad.png */,
				3088BBBA154F3926009F9C59 /* Default-Portrait~ipad.png */,
				3088BBBB154F3926009F9C59 /* Default@2x~iphone.png */,
				3088BBBC154F3926009F9C59 /* Default~iphone.png */,
			);
			path = splash;
			sourceTree = "<group>";
		};
		EB87FDF11871DA420020F90C /* Staging */ = {
			isa = PBXGroup;
			children = (
				F840E1F0165FE0F500CFE078 /* config.xml */,
				301BF56E109A69640062928A /* www */,
			);
			name = Staging;
			sourceTree = "<group>";
		};
/* End PBXGroup section */

/* Begin PBXNativeTarget section */
		1D6058900D05DD3D006BFB54 /* Sharood */ = {
			isa = PBXNativeTarget;
			buildConfigurationList = 1D6058960D05DD3E006BFB54 /* Build configuration list for PBXNativeTarget "Sharood" */;
			buildPhases = (
				304B58A110DAC018002A0835 /* Copy www directory */,
				1D60588D0D05DD3D006BFB54 /* Resources */,
				1D60588E0D05DD3D006BFB54 /* Sources */,
				1D60588F0D05DD3D006BFB54 /* Frameworks */,
			);
			buildRules = (
			);
			dependencies = (
				301BF551109A68C00062928A /* PBXTargetDependency */,
			);
			name = "Sharood";
			productName = "Sharood";
			productReference = 1D6058910D05DD3D006BFB54 /* Sharood.app */;
			productType = "com.apple.product-type.application";
		};
/* End PBXNativeTarget section */

/* Begin PBXProject section */
		29B97313FDCFA39411CA2CEA /* Project object */ = {
			isa = PBXProject;
			attributes = {
				LastUpgradeCheck = 510;
			};
			buildConfigurationList = C01FCF4E08A954540054247B /* Build configuration list for PBXProject "__CLI__" */;
			compatibilityVersion = "Xcode 3.2";
			developmentRegion = English;
			hasScannedForEncodings = 1;
			knownRegions = (
				English,
				Japanese,
				French,
				German,
				en,
				es,
				de,
				se,
			);
			mainGroup = 29B97314FDCFA39411CA2CEA /* CustomTemplate */;
			projectDirPath = "";
			projectReferences = (
				{
					ProductGroup = 301BF52E109A57CC0062928A /* Products */;
					ProjectRef = 301BF52D109A57CC0062928A /* CordovaLib.xcodeproj */;
				},
			);
			projectRoot = "";
			targets = (
				1D6058900D05DD3D006BFB54 /* Sharood */,
			);
		};
/* End PBXProject section */

/* Begin PBXReferenceProxy section */
		301BF535109A57CC0062928A /* libCordova.a */ = {
			isa = PBXReferenceProxy;
			fileType = archive.ar;
			path = libCordova.a;
			remoteRef = 301BF534109A57CC0062928A /* PBXContainerItemProxy */;
			sourceTree = BUILT_PRODUCTS_DIR;
		};
/* End PBXReferenceProxy section */

/* Begin PBXResourcesBuildPhase section */
		1D60588D0D05DD3D006BFB54 /* Resources */ = {
			isa = PBXResourcesBuildPhase;
			buildActionMask = 2147483647;
			files = (
				7E7966E41810823500FA85AD /* icon-76.png in Resources */,
				7E7966DF1810823500FA85AD /* icon-40@2x.png in Resources */,
				308D05371370CCF300D202BF /* icon-72.png in Resources */,
				30B4F30119D5E07200D9F7D8 /* Default-736h.png in Resources */,
				308D05381370CCF300D202BF /* icon.png in Resources */,
				308D05391370CCF300D202BF /* icon@2x.png in Resources */,
				302D95F214D2391D003F00A1 /* MainViewController.xib in Resources */,
				7E7966E01810823500FA85AD /* icon-50.png in Resources */,
				7E7966E31810823500FA85AD /* icon-60@2x.png in Resources */,
				7E7966E61810823500FA85AD /* icon-small.png in Resources */,
				3088BBBD154F3926009F9C59 /* Default-Landscape@2x~ipad.png in Resources */,
				3088BBBE154F3926009F9C59 /* Default-Landscape~ipad.png in Resources */,
				3088BBBF154F3926009F9C59 /* Default-Portrait@2x~ipad.png in Resources */,
				7E7966E71810823500FA85AD /* icon-small@2x.png in Resources */,
				3088BBC0154F3926009F9C59 /* Default-Portrait~ipad.png in Resources */,
				30B4F30019D5E07200D9F7D8 /* Default-667h.png in Resources */,
				7E7966DE1810823500FA85AD /* icon-40.png in Resources */,
				3088BBC1154F3926009F9C59 /* Default@2x~iphone.png in Resources */,
				7E7966E21810823500FA85AD /* icon-60.png in Resources */,
				3088BBC2154F3926009F9C59 /* Default~iphone.png in Resources */,
				D4A0D8761607E02300AEF8BB /* Default-568h@2x~iphone.png in Resources */,
				30B4F30219D5E07200D9F7D8 /* Default-Landscape-736h.png in Resources */,
				30C1856619D5FC0A00212699 /* icon-60@3x.png in Resources */,
				7E7966E11810823500FA85AD /* icon-50@2x.png in Resources */,
				7E7966E51810823500FA85AD /* icon-76@2x.png in Resources */,
				30FC414916E50CA1004E6F35 /* icon-72@2x.png in Resources */,
				AA0438FEEF074BA7AA3BFAEF /* DatePicker.xib in Resources */,
			);
			runOnlyForDeploymentPostprocessing = 0;
		};
/* End PBXResourcesBuildPhase section */

/* Begin PBXShellScriptBuildPhase section */
		304B58A110DAC018002A0835 /* Copy www directory */ = {
			isa = PBXShellScriptBuildPhase;
			buildActionMask = 2147483647;
			files = (
			);
			inputPaths = (
			);
			name = "Copy www directory";
			outputPaths = (
			);
			runOnlyForDeploymentPostprocessing = 0;
			shellPath = /bin/sh;
			shellScript = "NODEJS_PATH=/usr/local/bin; NVM_NODE_PATH=~/.nvm/versions/node/`nvm version 2>/dev/null`/bin; N_NODE_PATH=`find /usr/local/n/versions/node/* -maxdepth 0 -type d 2>/dev/null | tail -1`/bin; XCODE_NODE_PATH=`xcode-select --print-path`/usr/share/xcs/Node/bin; PATH=$NODEJS_PATH:$NVM_NODE_PATH:$N_NODE_PATH:$XCODE_NODE_PATH:$PATH && node cordova/lib/copy-www-build-step.js";
			showEnvVarsInLog = 0;
		};
/* End PBXShellScriptBuildPhase section */

/* Begin PBXSourcesBuildPhase section */
		1D60588E0D05DD3D006BFB54 /* Sources */ = {
			isa = PBXSourcesBuildPhase;
			buildActionMask = 2147483647;
			files = (
				1D60589B0D05DD56006BFB54 /* main.m in Sources */,
				1D3623260D0F684500981E51 /* AppDelegate.m in Sources */,
				302D95F114D2391D003F00A1 /* MainViewController.m in Sources */,
				885AB957317C47629427939D /* DatePicker.m in Sources */,
				11ADC70A489F450E94CCBE47 /* CDVDevice.m in Sources */,
				AB91FCA77D1E47FEBE507F39 /* CDVConnection.m in Sources */,
				9F141456CD5141BCB7735F94 /* CDVReachability.m in Sources */,
				FD0F1EF34D1E4407BF202EE2 /* APPEmailComposer.m in Sources */,
				30C110CE2D6A43F4BE370823 /* UIImage+CropScaleOrientation.m in Sources */,
				2634EC936EA3492CBB580107 /* CDVCamera.m in Sources */,
				3B00DD435BE64FE5B3B4D504 /* CDVJpegHeaderWriter.m in Sources */,
				0839753F7C9245389FE9FFBC /* AppDelegate+notification.m in Sources */,
				FA44D1914AED4D1E975B3781 /* PushPlugin.m in Sources */,
			);
			runOnlyForDeploymentPostprocessing = 0;
		};
/* End PBXSourcesBuildPhase section */

/* Begin PBXTargetDependency section */
		301BF551109A68C00062928A /* PBXTargetDependency */ = {
			isa = PBXTargetDependency;
			name = CordovaLib;
			targetProxy = 301BF550109A68C00062928A /* PBXContainerItemProxy */;
		};
/* End PBXTargetDependency section */

/* Begin XCBuildConfiguration section */
		1D6058940D05DD3E006BFB54 /* Debug */ = {
			isa = XCBuildConfiguration;
			buildSettings = {
				ALWAYS_SEARCH_USER_PATHS = NO;
				CLANG_ENABLE_OBJC_ARC = YES;
				COPY_PHASE_STRIP = NO;
				GCC_DYNAMIC_NO_PIC = NO;
				GCC_OPTIMIZATION_LEVEL = 0;
				GCC_PRECOMPILE_PREFIX_HEADER = YES;
				GCC_PREFIX_HEADER = "Sharood/Sharood-Prefix.pch";
				GCC_THUMB_SUPPORT = NO;
				GCC_VERSION = "";
				INFOPLIST_FILE = "Sharood/Sharood-Info.plist";
				IPHONEOS_DEPLOYMENT_TARGET = 8.0;
				OTHER_LDFLAGS = (
					"-weak_framework",
					CoreFoundation,
					"-weak_framework",
					UIKit,
					"-weak_framework",
					AVFoundation,
					"-weak_framework",
					CoreMedia,
					"-weak-lSystem",
					"-ObjC",
				);
				PRODUCT_NAME = "Sharood";
				TARGETED_DEVICE_FAMILY = "1,2";
				LIBRARY_SEARCH_PATHS = (
					"$(inherited)",
					"\"$(SRCROOT)/Sharood/Plugins/phonegap-plugin-push/GCM/Libraries\"",
					"\"$(SRCROOT)/Sharood/Plugins/phonegap-plugin-push/GCM/Libraries\"",
					"\"$(SRCROOT)/Sharood/Plugins/phonegap-plugin-push/GCM/Libraries\"",
					"\"$(SRCROOT)/Sharood/Plugins/phonegap-plugin-push/GCM/Libraries\"",
					"\"$(SRCROOT)/Sharood/Plugins/phonegap-plugin-push/GCM/Libraries\"",
					"\"$(SRCROOT)/Sharood/Plugins/phonegap-plugin-push/GCM/Libraries\"",
					"\"$(SRCROOT)/Sharood/Plugins/phonegap-plugin-push/GCM/Libraries\"",
					"\"$(SRCROOT)/Sharood/Plugins/phonegap-plugin-push/GCM/Libraries\"",
					"\"$(SRCROOT)/Sharood/Plugins/phonegap-plugin-push/GCM/Libraries\"",
					"\"$(SRCROOT)/Sharood/Plugins/phonegap-plugin-push/GCM/Libraries\"",
					"\"$(SRCROOT)/Sharood/Plugins/phonegap-plugin-push/GCM/Libraries\"",
					"\"$(SRCROOT)/Sharood/Plugins/phonegap-plugin-push/GCM/Libraries\"",
					"\"$(SRCROOT)/Sharood/Plugins/phonegap-plugin-push/GCM/Libraries\"",
					"\"$(SRCROOT)/Sharood/Plugins/phonegap-plugin-push/GCM/Libraries\"",
					"\"$(SRCROOT)/Sharood/Plugins/phonegap-plugin-push/GCM/Libraries\"",
					"\"$(SRCROOT)/Sharood/Plugins/phonegap-plugin-push/GCM/Libraries\"",
					"\"$(SRCROOT)/Sharood/Plugins/phonegap-plugin-push/GCM/Libraries\"",
					"\"$(SRCROOT)/Sharood/Plugins/phonegap-plugin-push/GCM/Libraries\"",
					"\"$(SRCROOT)/Sharood/Plugins/phonegap-plugin-push/GCM/Libraries\"",
					"\"$(SRCROOT)/Sharood/Plugins/phonegap-plugin-push/GCM/Libraries\"",
					"\"$(SRCROOT)/Sharood/Plugins/phonegap-plugin-push/GCM/Libraries\"",
					"\"$(SRCROOT)/Sharood/Plugins/phonegap-plugin-push/GCM/Libraries\"",
					"\"$(SRCROOT)/Sharood/Plugins/phonegap-plugin-push/GCM/Libraries\"",
					"\"$(SRCROOT)/Sharood/Plugins/phonegap-plugin-push/GCM/Libraries\"",
					"\"$(SRCROOT)/Sharood/Plugins/phonegap-plugin-push/GCM/Libraries\"",
					"\"$(SRCROOT)/Sharood/Plugins/phonegap-plugin-push/GCM/Libraries\"",
				);
			};
			name = Debug;
		};
		1D6058950D05DD3E006BFB54 /* Release */ = {
			isa = XCBuildConfiguration;
			buildSettings = {
				ALWAYS_SEARCH_USER_PATHS = NO;
				CLANG_ENABLE_OBJC_ARC = YES;
				COPY_PHASE_STRIP = YES;
				GCC_PRECOMPILE_PREFIX_HEADER = YES;
				GCC_PREFIX_HEADER = "Sharood/Sharood-Prefix.pch";
				GCC_THUMB_SUPPORT = NO;
				GCC_VERSION = "";
				INFOPLIST_FILE = "Sharood/Sharood-Info.plist";
				IPHONEOS_DEPLOYMENT_TARGET = 8.0;
				OTHER_LDFLAGS = (
					"-weak_framework",
					CoreFoundation,
					"-weak_framework",
					UIKit,
					"-weak_framework",
					AVFoundation,
					"-weak_framework",
					CoreMedia,
					"-weak-lSystem",
					"-ObjC",
				);
				PRODUCT_NAME = "Sharood";
				TARGETED_DEVICE_FAMILY = "1,2";
				LIBRARY_SEARCH_PATHS = (
					"$(inherited)",
					"\"$(SRCROOT)/Sharood/Plugins/phonegap-plugin-push/GCM/Libraries\"",
					"\"$(SRCROOT)/Sharood/Plugins/phonegap-plugin-push/GCM/Libraries\"",
					"\"$(SRCROOT)/Sharood/Plugins/phonegap-plugin-push/GCM/Libraries\"",
					"\"$(SRCROOT)/Sharood/Plugins/phonegap-plugin-push/GCM/Libraries\"",
					"\"$(SRCROOT)/Sharood/Plugins/phonegap-plugin-push/GCM/Libraries\"",
					"\"$(SRCROOT)/Sharood/Plugins/phonegap-plugin-push/GCM/Libraries\"",
					"\"$(SRCROOT)/Sharood/Plugins/phonegap-plugin-push/GCM/Libraries\"",
					"\"$(SRCROOT)/Sharood/Plugins/phonegap-plugin-push/GCM/Libraries\"",
					"\"$(SRCROOT)/Sharood/Plugins/phonegap-plugin-push/GCM/Libraries\"",
					"\"$(SRCROOT)/Sharood/Plugins/phonegap-plugin-push/GCM/Libraries\"",
					"\"$(SRCROOT)/Sharood/Plugins/phonegap-plugin-push/GCM/Libraries\"",
					"\"$(SRCROOT)/Sharood/Plugins/phonegap-plugin-push/GCM/Libraries\"",
					"\"$(SRCROOT)/Sharood/Plugins/phonegap-plugin-push/GCM/Libraries\"",
					"\"$(SRCROOT)/Sharood/Plugins/phonegap-plugin-push/GCM/Libraries\"",
					"\"$(SRCROOT)/Sharood/Plugins/phonegap-plugin-push/GCM/Libraries\"",
					"\"$(SRCROOT)/Sharood/Plugins/phonegap-plugin-push/GCM/Libraries\"",
					"\"$(SRCROOT)/Sharood/Plugins/phonegap-plugin-push/GCM/Libraries\"",
					"\"$(SRCROOT)/Sharood/Plugins/phonegap-plugin-push/GCM/Libraries\"",
					"\"$(SRCROOT)/Sharood/Plugins/phonegap-plugin-push/GCM/Libraries\"",
					"\"$(SRCROOT)/Sharood/Plugins/phonegap-plugin-push/GCM/Libraries\"",
					"\"$(SRCROOT)/Sharood/Plugins/phonegap-plugin-push/GCM/Libraries\"",
					"\"$(SRCROOT)/Sharood/Plugins/phonegap-plugin-push/GCM/Libraries\"",
					"\"$(SRCROOT)/Sharood/Plugins/phonegap-plugin-push/GCM/Libraries\"",
					"\"$(SRCROOT)/Sharood/Plugins/phonegap-plugin-push/GCM/Libraries\"",
					"\"$(SRCROOT)/Sharood/Plugins/phonegap-plugin-push/GCM/Libraries\"",
					"\"$(SRCROOT)/Sharood/Plugins/phonegap-plugin-push/GCM/Libraries\"",
				);
			};
			name = Release;
		};
		C01FCF4F08A954540054247B /* Debug */ = {
			isa = XCBuildConfiguration;
			buildSettings = {
				CLANG_ENABLE_OBJC_ARC = YES;
				CLANG_WARN_BOOL_CONVERSION = YES;
				CLANG_WARN_CONSTANT_CONVERSION = YES;
				CLANG_WARN_EMPTY_BODY = YES;
				CLANG_WARN_ENUM_CONVERSION = YES;
				CLANG_WARN_INT_CONVERSION = YES;
				CLANG_WARN__DUPLICATE_METHOD_MATCH = YES;
				"CODE_SIGN_IDENTITY[sdk=iphoneos*]" = "iPhone Developer";
				GCC_C_LANGUAGE_STANDARD = c99;
				GCC_THUMB_SUPPORT = NO;
				GCC_VERSION = "";
				GCC_WARN_ABOUT_RETURN_TYPE = YES;
				GCC_WARN_UNDECLARED_SELECTOR = YES;
				GCC_WARN_UNINITIALIZED_AUTOS = YES;
				GCC_WARN_UNUSED_FUNCTION = YES;
				GCC_WARN_UNUSED_VARIABLE = YES;
				HEADER_SEARCH_PATHS = (
					"\"$(TARGET_BUILD_DIR)/usr/local/lib/include\"",
					"\"$(OBJROOT)/UninstalledProducts/include\"",
					"\"$(BUILT_PRODUCTS_DIR)\"",
				);
				IPHONEOS_DEPLOYMENT_TARGET = 8.0;
				ONLY_ACTIVE_ARCH = YES;
				OTHER_LDFLAGS = (
					"-weak_framework",
					CoreFoundation,
					"-weak_framework",
					UIKit,
					"-weak_framework",
					AVFoundation,
					"-weak_framework",
					CoreMedia,
					"-weak-lSystem",
					"-ObjC",
				);
				SDKROOT = iphoneos;
				SKIP_INSTALL = NO;
				USER_HEADER_SEARCH_PATHS = "";
			};
			name = Debug;
		};
		C01FCF5008A954540054247B /* Release */ = {
			isa = XCBuildConfiguration;
			buildSettings = {
				CLANG_ENABLE_OBJC_ARC = YES;
				CLANG_WARN_BOOL_CONVERSION = YES;
				CLANG_WARN_CONSTANT_CONVERSION = YES;
				CLANG_WARN_EMPTY_BODY = YES;
				CLANG_WARN_ENUM_CONVERSION = YES;
				CLANG_WARN_INT_CONVERSION = YES;
				CLANG_WARN__DUPLICATE_METHOD_MATCH = YES;
				"CODE_SIGN_IDENTITY[sdk=iphoneos*]" = "iPhone Developer";
				GCC_C_LANGUAGE_STANDARD = c99;
				GCC_THUMB_SUPPORT = NO;
				GCC_VERSION = "";
				GCC_WARN_ABOUT_RETURN_TYPE = YES;
				GCC_WARN_UNDECLARED_SELECTOR = YES;
				GCC_WARN_UNINITIALIZED_AUTOS = YES;
				GCC_WARN_UNUSED_FUNCTION = YES;
				GCC_WARN_UNUSED_VARIABLE = YES;
				HEADER_SEARCH_PATHS = (
					"\"$(TARGET_BUILD_DIR)/usr/local/lib/include\"",
					"\"$(OBJROOT)/UninstalledProducts/include\"",
					"\"$(BUILT_PRODUCTS_DIR)\"",
					"\"$(OBJROOT)/UninstalledProducts/$(PLATFORM_NAME)/include\"",
				);
				IPHONEOS_DEPLOYMENT_TARGET = 8.0;
				OTHER_LDFLAGS = (
					"-weak_framework",
					CoreFoundation,
					"-weak_framework",
					UIKit,
					"-weak_framework",
					AVFoundation,
					"-weak_framework",
					CoreMedia,
					"-weak-lSystem",
					"-ObjC",
				);
				SDKROOT = iphoneos;
				SKIP_INSTALL = NO;
				USER_HEADER_SEARCH_PATHS = "";
			};
			name = Release;
		};
/* End XCBuildConfiguration section */

/* Begin XCConfigurationList section */
		1D6058960D05DD3E006BFB54 /* Build configuration list for PBXNativeTarget "Sharood" */ = {
			isa = XCConfigurationList;
			buildConfigurations = (
				1D6058940D05DD3E006BFB54 /* Debug */,
				1D6058950D05DD3E006BFB54 /* Release */,
			);
			defaultConfigurationIsVisible = 0;
			defaultConfigurationName = Release;
		};
		C01FCF4E08A954540054247B /* Build configuration list for PBXProject "__CLI__" */ = {
			isa = XCConfigurationList;
			buildConfigurations = (
				C01FCF4F08A954540054247B /* Debug */,
				C01FCF5008A954540054247B /* Release */,
			);
			defaultConfigurationIsVisible = 0;
			defaultConfigurationName = Release;
		};
/* End XCConfigurationList section */
	};
	rootObject = 29B97313FDCFA39411CA2CEA /* Project object */;
}
